// !$*UTF8*$!
{
	archiveVersion = 1;
	classes = {
	};
	objectVersion = 56;
	objects = {

/* Begin PBXBuildFile section */
		777C61012CE6F4ED0085EF2F /* PsotifyApp.swift in Sources */ = {isa = PBXBuildFile; fileRef = 777C61002CE6F4ED0085EF2F /* PsotifyApp.swift */; };
		777C61032CE6F4ED0085EF2F /* ContentView.swift in Sources */ = {isa = PBXBuildFile; fileRef = 777C61022CE6F4ED0085EF2F /* ContentView.swift */; };
		777C61052CE6F4F00085EF2F /* Assets.xcassets in Resources */ = {isa = PBXBuildFile; fileRef = 777C61042CE6F4F00085EF2F /* Assets.xcassets */; };
		777C61082CE6F4F00085EF2F /* Preview Assets.xcassets in Resources */ = {isa = PBXBuildFile; fileRef = 777C61072CE6F4F00085EF2F /* Preview Assets.xcassets */; };
		777C61122CE6F4F30085EF2F /* PsotifyTests.swift in Sources */ = {isa = PBXBuildFile; fileRef = 777C61112CE6F4F30085EF2F /* PsotifyTests.swift */; };
		777C611C2CE6F4F30085EF2F /* PsotifyUITests.swift in Sources */ = {isa = PBXBuildFile; fileRef = 777C611B2CE6F4F30085EF2F /* PsotifyUITests.swift */; };
		777C611E2CE6F4F30085EF2F /* PsotifyUITestsLaunchTests.swift in Sources */ = {isa = PBXBuildFile; fileRef = 777C611D2CE6F4F30085EF2F /* PsotifyUITestsLaunchTests.swift */; };
/* End PBXBuildFile section */

/* Begin PBXContainerItemProxy section */
		777C610E2CE6F4F30085EF2F /* PBXContainerItemProxy */ = {
			isa = PBXContainerItemProxy;
			containerPortal = 777C60F52CE6F4ED0085EF2F /* Project object */;
			proxyType = 1;
			remoteGlobalIDString = 777C60FC2CE6F4ED0085EF2F;
			remoteInfo = Psotify;
		};
		777C61182CE6F4F30085EF2F /* PBXContainerItemProxy */ = {
			isa = PBXContainerItemProxy;
			containerPortal = 777C60F52CE6F4ED0085EF2F /* Project object */;
			proxyType = 1;
			remoteGlobalIDString = 777C60FC2CE6F4ED0085EF2F;
			remoteInfo = Psotify;
		};
/* End PBXContainerItemProxy section */

/* Begin PBXFileReference section */
		777C60FD2CE6F4ED0085EF2F /* Psotify.app */ = {isa = PBXFileReference; explicitFileType = wrapper.application; includeInIndex = 0; path = Psotify.app; sourceTree = BUILT_PRODUCTS_DIR; };
		777C61002CE6F4ED0085EF2F /* PsotifyApp.swift */ = {isa = PBXFileReference; lastKnownFileType = sourcecode.swift; path = PsotifyApp.swift; sourceTree = "<group>"; };
		777C61022CE6F4ED0085EF2F /* ContentView.swift */ = {isa = PBXFileReference; lastKnownFileType = sourcecode.swift; path = ContentView.swift; sourceTree = "<group>"; };
		777C61042CE6F4F00085EF2F /* Assets.xcassets */ = {isa = PBXFileReference; lastKnownFileType = folder.assetcatalog; path = Assets.xcassets; sourceTree = "<group>"; };
		777C61072CE6F4F00085EF2F /* Preview Assets.xcassets */ = {isa = PBXFileReference; lastKnownFileType = folder.assetcatalog; path = "Preview Assets.xcassets"; sourceTree = "<group>"; };
		777C610D2CE6F4F30085EF2F /* PsotifyTests.xctest */ = {isa = PBXFileReference; explicitFileType = wrapper.cfbundle; includeInIndex = 0; path = PsotifyTests.xctest; sourceTree = BUILT_PRODUCTS_DIR; };
		777C61112CE6F4F30085EF2F /* PsotifyTests.swift */ = {isa = PBXFileReference; lastKnownFileType = sourcecode.swift; path = PsotifyTests.swift; sourceTree = "<group>"; };
		777C61172CE6F4F30085EF2F /* PsotifyUITests.xctest */ = {isa = PBXFileReference; explicitFileType = wrapper.cfbundle; includeInIndex = 0; path = PsotifyUITests.xctest; sourceTree = BUILT_PRODUCTS_DIR; };
		777C611B2CE6F4F30085EF2F /* PsotifyUITests.swift */ = {isa = PBXFileReference; lastKnownFileType = sourcecode.swift; path = PsotifyUITests.swift; sourceTree = "<group>"; };
		777C611D2CE6F4F30085EF2F /* PsotifyUITestsLaunchTests.swift */ = {isa = PBXFileReference; lastKnownFileType = sourcecode.swift; path = PsotifyUITestsLaunchTests.swift; sourceTree = "<group>"; };
/* End PBXFileReference section */

/* Begin PBXFrameworksBuildPhase section */
		777C60FA2CE6F4ED0085EF2F /* Frameworks */ = {
			isa = PBXFrameworksBuildPhase;
			buildActionMask = 2147483647;
			files = (
			);
			runOnlyForDeploymentPostprocessing = 0;
		};
		777C610A2CE6F4F30085EF2F /* Frameworks */ = {
			isa = PBXFrameworksBuildPhase;
			buildActionMask = 2147483647;
			files = (
			);
			runOnlyForDeploymentPostprocessing = 0;
		};
		777C61142CE6F4F30085EF2F /* Frameworks */ = {
			isa = PBXFrameworksBuildPhase;
			buildActionMask = 2147483647;
			files = (
			);
			runOnlyForDeploymentPostprocessing = 0;
		};
/* End PBXFrameworksBuildPhase section */

/* Begin PBXGroup section */
		777C60F42CE6F4ED0085EF2F = {
			isa = PBXGroup;
			children = (
				777C60FF2CE6F4ED0085EF2F /* Psotify */,
				777C61102CE6F4F30085EF2F /* PsotifyTests */,
				777C611A2CE6F4F30085EF2F /* PsotifyUITests */,
				777C60FE2CE6F4ED0085EF2F /* Products */,
			);
			sourceTree = "<group>";
		};
		777C60FE2CE6F4ED0085EF2F /* Products */ = {
			isa = PBXGroup;
			children = (
				777C60FD2CE6F4ED0085EF2F /* Psotify.app */,
				777C610D2CE6F4F30085EF2F /* PsotifyTests.xctest */,
				777C61172CE6F4F30085EF2F /* PsotifyUITests.xctest */,
			);
			name = Products;
			sourceTree = "<group>";
		};
		777C60FF2CE6F4ED0085EF2F /* Psotify */ = {
			isa = PBXGroup;
			children = (
				777C61002CE6F4ED0085EF2F /* PsotifyApp.swift */,
				777C61022CE6F4ED0085EF2F /* ContentView.swift */,
				777C61042CE6F4F00085EF2F /* Assets.xcassets */,
				777C61062CE6F4F00085EF2F /* Preview Content */,
			);
			path = Psotify;
			sourceTree = "<group>";
		};
		777C61062CE6F4F00085EF2F /* Preview Content */ = {
			isa = PBXGroup;
			children = (
				777C61072CE6F4F00085EF2F /* Preview Assets.xcassets */,
			);
			path = "Preview Content";
			sourceTree = "<group>";
		};
		777C61102CE6F4F30085EF2F /* PsotifyTests */ = {
			isa = PBXGroup;
			children = (
				777C61112CE6F4F30085EF2F /* PsotifyTests.swift */,
			);
			path = PsotifyTests;
			sourceTree = "<group>";
		};
		777C611A2CE6F4F30085EF2F /* PsotifyUITests */ = {
			isa = PBXGroup;
			children = (
				777C611B2CE6F4F30085EF2F /* PsotifyUITests.swift */,
				777C611D2CE6F4F30085EF2F /* PsotifyUITestsLaunchTests.swift */,
			);
			path = PsotifyUITests;
			sourceTree = "<group>";
		};
/* End PBXGroup section */

/* Begin PBXNativeTarget section */
		777C60FC2CE6F4ED0085EF2F /* Psotify */ = {
			isa = PBXNativeTarget;
			buildConfigurationList = 777C61212CE6F4F30085EF2F /* Build configuration list for PBXNativeTarget "Psotify" */;
			buildPhases = (
				777C60F92CE6F4ED0085EF2F /* Sources */,
				777C60FA2CE6F4ED0085EF2F /* Frameworks */,
				777C60FB2CE6F4ED0085EF2F /* Resources */,
			);
			buildRules = (
			);
			dependencies = (
			);
			name = Psotify;
			productName = Psotify;
			productReference = 777C60FD2CE6F4ED0085EF2F /* Psotify.app */;
			productType = "com.apple.product-type.application";
		};
		777C610C2CE6F4F30085EF2F /* PsotifyTests */ = {
			isa = PBXNativeTarget;
			buildConfigurationList = 777C61242CE6F4F30085EF2F /* Build configuration list for PBXNativeTarget "PsotifyTests" */;
			buildPhases = (
				777C61092CE6F4F30085EF2F /* Sources */,
				777C610A2CE6F4F30085EF2F /* Frameworks */,
				777C610B2CE6F4F30085EF2F /* Resources */,
			);
			buildRules = (
			);
			dependencies = (
				777C610F2CE6F4F30085EF2F /* PBXTargetDependency */,
			);
			name = PsotifyTests;
			productName = PsotifyTests;
			productReference = 777C610D2CE6F4F30085EF2F /* PsotifyTests.xctest */;
			productType = "com.apple.product-type.bundle.unit-test";
		};
		777C61162CE6F4F30085EF2F /* PsotifyUITests */ = {
			isa = PBXNativeTarget;
			buildConfigurationList = 777C61272CE6F4F30085EF2F /* Build configuration list for PBXNativeTarget "PsotifyUITests" */;
			buildPhases = (
				777C61132CE6F4F30085EF2F /* Sources */,
				777C61142CE6F4F30085EF2F /* Frameworks */,
				777C61152CE6F4F30085EF2F /* Resources */,
			);
			buildRules = (
			);
			dependencies = (
				777C61192CE6F4F30085EF2F /* PBXTargetDependency */,
			);
			name = PsotifyUITests;
			productName = PsotifyUITests;
			productReference = 777C61172CE6F4F30085EF2F /* PsotifyUITests.xctest */;
			productType = "com.apple.product-type.bundle.ui-testing";
		};
/* End PBXNativeTarget section */

/* Begin PBXProject section */
		777C60F52CE6F4ED0085EF2F /* Project object */ = {
			isa = PBXProject;
			attributes = {
				BuildIndependentTargetsInParallel = 1;
				LastSwiftUpdateCheck = 1540;
				LastUpgradeCheck = 1540;
				TargetAttributes = {
					777C60FC2CE6F4ED0085EF2F = {
						CreatedOnToolsVersion = 15.4;
					};
					777C610C2CE6F4F30085EF2F = {
						CreatedOnToolsVersion = 15.4;
						TestTargetID = 777C60FC2CE6F4ED0085EF2F;
					};
					777C61162CE6F4F30085EF2F = {
						CreatedOnToolsVersion = 15.4;
						TestTargetID = 777C60FC2CE6F4ED0085EF2F;
					};
				};
			};
			buildConfigurationList = 777C60F82CE6F4ED0085EF2F /* Build configuration list for PBXProject "Psotify" */;
			compatibilityVersion = "Xcode 14.0";
			developmentRegion = en;
			hasScannedForEncodings = 0;
			knownRegions = (
				en,
				Base,
			);
			mainGroup = 777C60F42CE6F4ED0085EF2F;
			productRefGroup = 777C60FE2CE6F4ED0085EF2F /* Products */;
			projectDirPath = "";
			projectRoot = "";
			targets = (
				777C60FC2CE6F4ED0085EF2F /* Psotify */,
				777C610C2CE6F4F30085EF2F /* PsotifyTests */,
				777C61162CE6F4F30085EF2F /* PsotifyUITests */,
			);
		};
/* End PBXProject section */

/* Begin PBXResourcesBuildPhase section */
		777C60FB2CE6F4ED0085EF2F /* Resources */ = {
			isa = PBXResourcesBuildPhase;
			buildActionMask = 2147483647;
			files = (
				777C61082CE6F4F00085EF2F /* Preview Assets.xcassets in Resources */,
				777C61052CE6F4F00085EF2F /* Assets.xcassets in Resources */,
			);
			runOnlyForDeploymentPostprocessing = 0;
		};
		777C610B2CE6F4F30085EF2F /* Resources */ = {
			isa = PBXResourcesBuildPhase;
			buildActionMask = 2147483647;
			files = (
			);
			runOnlyForDeploymentPostprocessing = 0;
		};
		777C61152CE6F4F30085EF2F /* Resources */ = {
			isa = PBXResourcesBuildPhase;
			buildActionMask = 2147483647;
			files = (
			);
			runOnlyForDeploymentPostprocessing = 0;
		};
/* End PBXResourcesBuildPhase section */

/* Begin PBXSourcesBuildPhase section */
		777C60F92CE6F4ED0085EF2F /* Sources */ = {
			isa = PBXSourcesBuildPhase;
			buildActionMask = 2147483647;
			files = (
				777C61032CE6F4ED0085EF2F /* ContentView.swift in Sources */,
				777C61012CE6F4ED0085EF2F /* PsotifyApp.swift in Sources */,
			);
			runOnlyForDeploymentPostprocessing = 0;
		};
		777C61092CE6F4F30085EF2F /* Sources */ = {
			isa = PBXSourcesBuildPhase;
			buildActionMask = 2147483647;
			files = (
				777C61122CE6F4F30085EF2F /* PsotifyTests.swift in Sources */,
			);
			runOnlyForDeploymentPostprocessing = 0;
		};
		777C61132CE6F4F30085EF2F /* Sources */ = {
			isa = PBXSourcesBuildPhase;
			buildActionMask = 2147483647;
			files = (
				777C611C2CE6F4F30085EF2F /* PsotifyUITests.swift in Sources */,
				777C611E2CE6F4F30085EF2F /* PsotifyUITestsLaunchTests.swift in Sources */,
			);
			runOnlyForDeploymentPostprocessing = 0;
		};
/* End PBXSourcesBuildPhase section */

/* Begin PBXTargetDependency section */
		777C610F2CE6F4F30085EF2F /* PBXTargetDependency */ = {
			isa = PBXTargetDependency;
			target = 777C60FC2CE6F4ED0085EF2F /* Psotify */;
			targetProxy = 777C610E2CE6F4F30085EF2F /* PBXContainerItemProxy */;
		};
		777C61192CE6F4F30085EF2F /* PBXTargetDependency */ = {
			isa = PBXTargetDependency;
			target = 777C60FC2CE6F4ED0085EF2F /* Psotify */;
			targetProxy = 777C61182CE6F4F30085EF2F /* PBXContainerItemProxy */;
		};
/* End PBXTargetDependency section */

/* Begin XCBuildConfiguration section */
		777C611F2CE6F4F30085EF2F /* Debug */ = {
			isa = XCBuildConfiguration;
			buildSettings = {
				ALWAYS_SEARCH_USER_PATHS = NO;
				ASSETCATALOG_COMPILER_GENERATE_SWIFT_ASSET_SYMBOL_EXTENSIONS = YES;
				CLANG_ANALYZER_NONNULL = YES;
				CLANG_ANALYZER_NUMBER_OBJECT_CONVERSION = YES_AGGRESSIVE;
				CLANG_CXX_LANGUAGE_STANDARD = "gnu++20";
				CLANG_ENABLE_MODULES = YES;
				CLANG_ENABLE_OBJC_ARC = YES;
				CLANG_ENABLE_OBJC_WEAK = YES;
				CLANG_WARN_BLOCK_CAPTURE_AUTORELEASING = YES;
				CLANG_WARN_BOOL_CONVERSION = YES;
				CLANG_WARN_COMMA = YES;
				CLANG_WARN_CONSTANT_CONVERSION = YES;
				CLANG_WARN_DEPRECATED_OBJC_IMPLEMENTATIONS = YES;
				CLANG_WARN_DIRECT_OBJC_ISA_USAGE = YES_ERROR;
				CLANG_WARN_DOCUMENTATION_COMMENTS = YES;
				CLANG_WARN_EMPTY_BODY = YES;
				CLANG_WARN_ENUM_CONVERSION = YES;
				CLANG_WARN_INFINITE_RECURSION = YES;
				CLANG_WARN_INT_CONVERSION = YES;
				CLANG_WARN_NON_LITERAL_NULL_CONVERSION = YES;
				CLANG_WARN_OBJC_IMPLICIT_RETAIN_SELF = YES;
				CLANG_WARN_OBJC_LITERAL_CONVERSION = YES;
				CLANG_WARN_OBJC_ROOT_CLASS = YES_ERROR;
				CLANG_WARN_QUOTED_INCLUDE_IN_FRAMEWORK_HEADER = YES;
				CLANG_WARN_RANGE_LOOP_ANALYSIS = YES;
				CLANG_WARN_STRICT_PROTOTYPES = YES;
				CLANG_WARN_SUSPICIOUS_MOVE = YES;
				CLANG_WARN_UNGUARDED_AVAILABILITY = YES_AGGRESSIVE;
				CLANG_WARN_UNREACHABLE_CODE = YES;
				CLANG_WARN__DUPLICATE_METHOD_MATCH = YES;
				COPY_PHASE_STRIP = NO;
				DEBUG_INFORMATION_FORMAT = dwarf;
				ENABLE_STRICT_OBJC_MSGSEND = YES;
				ENABLE_TESTABILITY = YES;
				ENABLE_USER_SCRIPT_SANDBOXING = YES;
				GCC_C_LANGUAGE_STANDARD = gnu17;
				GCC_DYNAMIC_NO_PIC = NO;
				GCC_NO_COMMON_BLOCKS = YES;
				GCC_OPTIMIZATION_LEVEL = 0;
				GCC_PREPROCESSOR_DEFINITIONS = (
					"DEBUG=1",
					"$(inherited)",
				);
				GCC_WARN_64_TO_32_BIT_CONVERSION = YES;
				GCC_WARN_ABOUT_RETURN_TYPE = YES_ERROR;
				GCC_WARN_UNDECLARED_SELECTOR = YES;
				GCC_WARN_UNINITIALIZED_AUTOS = YES_AGGRESSIVE;
				GCC_WARN_UNUSED_FUNCTION = YES;
				GCC_WARN_UNUSED_VARIABLE = YES;
				IPHONEOS_DEPLOYMENT_TARGET = 17.5;
				LOCALIZATION_PREFERS_STRING_CATALOGS = YES;
				MTL_ENABLE_DEBUG_INFO = INCLUDE_SOURCE;
				MTL_FAST_MATH = YES;
				ONLY_ACTIVE_ARCH = YES;
				SDKROOT = iphoneos;
				SWIFT_ACTIVE_COMPILATION_CONDITIONS = "DEBUG $(inherited)";
				SWIFT_OPTIMIZATION_LEVEL = "-Onone";
			};
			name = Debug;
		};
		777C61202CE6F4F30085EF2F /* Release */ = {
			isa = XCBuildConfiguration;
			buildSettings = {
				ALWAYS_SEARCH_USER_PATHS = NO;
				ASSETCATALOG_COMPILER_GENERATE_SWIFT_ASSET_SYMBOL_EXTENSIONS = YES;
				CLANG_ANALYZER_NONNULL = YES;
				CLANG_ANALYZER_NUMBER_OBJECT_CONVERSION = YES_AGGRESSIVE;
				CLANG_CXX_LANGUAGE_STANDARD = "gnu++20";
				CLANG_ENABLE_MODULES = YES;
				CLANG_ENABLE_OBJC_ARC = YES;
				CLANG_ENABLE_OBJC_WEAK = YES;
				CLANG_WARN_BLOCK_CAPTURE_AUTORELEASING = YES;
				CLANG_WARN_BOOL_CONVERSION = YES;
				CLANG_WARN_COMMA = YES;
				CLANG_WARN_CONSTANT_CONVERSION = YES;
				CLANG_WARN_DEPRECATED_OBJC_IMPLEMENTATIONS = YES;
				CLANG_WARN_DIRECT_OBJC_ISA_USAGE = YES_ERROR;
				CLANG_WARN_DOCUMENTATION_COMMENTS = YES;
				CLANG_WARN_EMPTY_BODY = YES;
				CLANG_WARN_ENUM_CONVERSION = YES;
				CLANG_WARN_INFINITE_RECURSION = YES;
				CLANG_WARN_INT_CONVERSION = YES;
				CLANG_WARN_NON_LITERAL_NULL_CONVERSION = YES;
				CLANG_WARN_OBJC_IMPLICIT_RETAIN_SELF = YES;
				CLANG_WARN_OBJC_LITERAL_CONVERSION = YES;
				CLANG_WARN_OBJC_ROOT_CLASS = YES_ERROR;
				CLANG_WARN_QUOTED_INCLUDE_IN_FRAMEWORK_HEADER = YES;
				CLANG_WARN_RANGE_LOOP_ANALYSIS = YES;
				CLANG_WARN_STRICT_PROTOTYPES = YES;
				CLANG_WARN_SUSPICIOUS_MOVE = YES;
				CLANG_WARN_UNGUARDED_AVAILABILITY = YES_AGGRESSIVE;
				CLANG_WARN_UNREACHABLE_CODE = YES;
				CLANG_WARN__DUPLICATE_METHOD_MATCH = YES;
				COPY_PHASE_STRIP = NO;
				DEBUG_INFORMATION_FORMAT = "dwarf-with-dsym";
				ENABLE_NS_ASSERTIONS = NO;
				ENABLE_STRICT_OBJC_MSGSEND = YES;
				ENABLE_USER_SCRIPT_SANDBOXING = YES;
				GCC_C_LANGUAGE_STANDARD = gnu17;
				GCC_NO_COMMON_BLOCKS = YES;
				GCC_WARN_64_TO_32_BIT_CONVERSION = YES;
				GCC_WARN_ABOUT_RETURN_TYPE = YES_ERROR;
				GCC_WARN_UNDECLARED_SELECTOR = YES;
				GCC_WARN_UNINITIALIZED_AUTOS = YES_AGGRESSIVE;
				GCC_WARN_UNUSED_FUNCTION = YES;
				GCC_WARN_UNUSED_VARIABLE = YES;
				IPHONEOS_DEPLOYMENT_TARGET = 17.5;
				LOCALIZATION_PREFERS_STRING_CATALOGS = YES;
				MTL_ENABLE_DEBUG_INFO = NO;
				MTL_FAST_MATH = YES;
				SDKROOT = iphoneos;
				SWIFT_COMPILATION_MODE = wholemodule;
				VALIDATE_PRODUCT = YES;
			};
			name = Release;
		};
		777C61222CE6F4F30085EF2F /* Debug */ = {
			isa = XCBuildConfiguration;
			buildSettings = {
				ASSETCATALOG_COMPILER_APPICON_NAME = AppIcon;
				ASSETCATALOG_COMPILER_GLOBAL_ACCENT_COLOR_NAME = AccentColor;
				CODE_SIGN_STYLE = Automatic;
				CURRENT_PROJECT_VERSION = 1;
				DEVELOPMENT_ASSET_PATHS = "\"Psotify/Preview Content\"";
				ENABLE_PREVIEWS = YES;
				GENERATE_INFOPLIST_FILE = YES;
				INFOPLIST_KEY_UIApplicationSceneManifest_Generation = YES;
				INFOPLIST_KEY_UIApplicationSupportsIndirectInputEvents = YES;
				INFOPLIST_KEY_UILaunchScreen_Generation = YES;
				INFOPLIST_KEY_UISupportedInterfaceOrientations_iPad = "UIInterfaceOrientationPortrait UIInterfaceOrientationPortraitUpsideDown UIInterfaceOrientationLandscapeLeft UIInterfaceOrientationLandscapeRight";
				INFOPLIST_KEY_UISupportedInterfaceOrientations_iPhone = "UIInterfaceOrientationPortrait UIInterfaceOrientationLandscapeLeft UIInterfaceOrientationLandscapeRight";
				LD_RUNPATH_SEARCH_PATHS = (
					"$(inherited)",
					"@executable_path/Frameworks",
				);
				MARKETING_VERSION = 1.0;
				PRODUCT_BUNDLE_IDENTIFIER = knturn.Psotify;
				PRODUCT_NAME = "$(TARGET_NAME)";
				SWIFT_EMIT_LOC_STRINGS = YES;
				SWIFT_VERSION = 5.0;
				TARGETED_DEVICE_FAMILY = "1,2";
			};
			name = Debug;
		};
		777C61232CE6F4F30085EF2F /* Release */ = {
			isa = XCBuildConfiguration;
			buildSettings = {
				ASSETCATALOG_COMPILER_APPICON_NAME = AppIcon;
				ASSETCATALOG_COMPILER_GLOBAL_ACCENT_COLOR_NAME = AccentColor;
				CODE_SIGN_STYLE = Automatic;
				CURRENT_PROJECT_VERSION = 1;
				DEVELOPMENT_ASSET_PATHS = "\"Psotify/Preview Content\"";
				ENABLE_PREVIEWS = YES;
				GENERATE_INFOPLIST_FILE = YES;
				INFOPLIST_KEY_UIApplicationSceneManifest_Generation = YES;
				INFOPLIST_KEY_UIApplicationSupportsIndirectInputEvents = YES;
				INFOPLIST_KEY_UILaunchScreen_Generation = YES;
				INFOPLIST_KEY_UISupportedInterfaceOrientations_iPad = "UIInterfaceOrientationPortrait UIInterfaceOrientationPortraitUpsideDown UIInterfaceOrientationLandscapeLeft UIInterfaceOrientationLandscapeRight";
				INFOPLIST_KEY_UISupportedInterfaceOrientations_iPhone = "UIInterfaceOrientationPortrait UIInterfaceOrientationLandscapeLeft UIInterfaceOrientationLandscapeRight";
				LD_RUNPATH_SEARCH_PATHS = (
					"$(inherited)",
					"@executable_path/Frameworks",
				);
				MARKETING_VERSION = 1.0;
				PRODUCT_BUNDLE_IDENTIFIER = knturn.Psotify;
				PRODUCT_NAME = "$(TARGET_NAME)";
				SWIFT_EMIT_LOC_STRINGS = YES;
				SWIFT_VERSION = 5.0;
				TARGETED_DEVICE_FAMILY = "1,2";
			};
			name = Release;
		};
		777C61252CE6F4F30085EF2F /* Debug */ = {
			isa = XCBuildConfiguration;
			buildSettings = {
				ALWAYS_EMBED_SWIFT_STANDARD_LIBRARIES = YES;
				BUNDLE_LOADER = "$(TEST_HOST)";
				CODE_SIGN_STYLE = Automatic;
				CURRENT_PROJECT_VERSION = 1;
				GENERATE_INFOPLIST_FILE = YES;
				IPHONEOS_DEPLOYMENT_TARGET = 17.5;
				MARKETING_VERSION = 1.0;
				PRODUCT_BUNDLE_IDENTIFIER = knturn.PsotifyTests;
				PRODUCT_NAME = "$(TARGET_NAME)";
				SWIFT_EMIT_LOC_STRINGS = NO;
				SWIFT_VERSION = 5.0;
				TARGETED_DEVICE_FAMILY = "1,2";
				TEST_HOST = "$(BUILT_PRODUCTS_DIR)/Psotify.app/$(BUNDLE_EXECUTABLE_FOLDER_PATH)/Psotify";
			};
			name = Debug;
		};
		777C61262CE6F4F30085EF2F /* Release */ = {
			isa = XCBuildConfiguration;
			buildSettings = {
				ALWAYS_EMBED_SWIFT_STANDARD_LIBRARIES = YES;
				BUNDLE_LOADER = "$(TEST_HOST)";
				CODE_SIGN_STYLE = Automatic;
				CURRENT_PROJECT_VERSION = 1;
				GENERATE_INFOPLIST_FILE = YES;
				IPHONEOS_DEPLOYMENT_TARGET = 17.5;
				MARKETING_VERSION = 1.0;
				PRODUCT_BUNDLE_IDENTIFIER = knturn.PsotifyTests;
				PRODUCT_NAME = "$(TARGET_NAME)";
				SWIFT_EMIT_LOC_STRINGS = NO;
				SWIFT_VERSION = 5.0;
				TARGETED_DEVICE_FAMILY = "1,2";
				TEST_HOST = "$(BUILT_PRODUCTS_DIR)/Psotify.app/$(BUNDLE_EXECUTABLE_FOLDER_PATH)/Psotify";
			};
			name = Release;
		};
		777C61282CE6F4F30085EF2F /* Debug */ = {
			isa = XCBuildConfiguration;
			buildSettings = {
				ALWAYS_EMBED_SWIFT_STANDARD_LIBRARIES = YES;
				CODE_SIGN_STYLE = Automatic;
				CURRENT_PROJECT_VERSION = 1;
				GENERATE_INFOPLIST_FILE = YES;
				MARKETING_VERSION = 1.0;
				PRODUCT_BUNDLE_IDENTIFIER = knturn.PsotifyUITests;
				PRODUCT_NAME = "$(TARGET_NAME)";
				SWIFT_EMIT_LOC_STRINGS = NO;
				SWIFT_VERSION = 5.0;
				TARGETED_DEVICE_FAMILY = "1,2";
				TEST_TARGET_NAME = Psotify;
			};
			name = Debug;
		};
		777C61292CE6F4F30085EF2F /* Release */ = {
			isa = XCBuildConfiguration;
			buildSettings = {
				ALWAYS_EMBED_SWIFT_STANDARD_LIBRARIES = YES;
				CODE_SIGN_STYLE = Automatic;
				CURRENT_PROJECT_VERSION = 1;
				GENERATE_INFOPLIST_FILE = YES;
				MARKETING_VERSION = 1.0;
				PRODUCT_BUNDLE_IDENTIFIER = knturn.PsotifyUITests;
				PRODUCT_NAME = "$(TARGET_NAME)";
				SWIFT_EMIT_LOC_STRINGS = NO;
				SWIFT_VERSION = 5.0;
				TARGETED_DEVICE_FAMILY = "1,2";
				TEST_TARGET_NAME = Psotify;
			};
			name = Release;
		};
/* End XCBuildConfiguration section */

/* Begin XCConfigurationList section */
		777C60F82CE6F4ED0085EF2F /* Build configuration list for PBXProject "Psotify" */ = {
			isa = XCConfigurationList;
			buildConfigurations = (
				777C611F2CE6F4F30085EF2F /* Debug */,
				777C61202CE6F4F30085EF2F /* Release */,
			);
			defaultConfigurationIsVisible = 0;
			defaultConfigurationName = Release;
		};
		777C61212CE6F4F30085EF2F /* Build configuration list for PBXNativeTarget "Psotify" */ = {
			isa = XCConfigurationList;
			buildConfigurations = (
				777C61222CE6F4F30085EF2F /* Debug */,
				777C61232CE6F4F30085EF2F /* Release */,
			);
			defaultConfigurationIsVisible = 0;
			defaultConfigurationName = Release;
		};
		777C61242CE6F4F30085EF2F /* Build configuration list for PBXNativeTarget "PsotifyTests" */ = {
			isa = XCConfigurationList;
			buildConfigurations = (
				777C61252CE6F4F30085EF2F /* Debug */,
				777C61262CE6F4F30085EF2F /* Release */,
			);
			defaultConfigurationIsVisible = 0;
			defaultConfigurationName = Release;
		};
		777C61272CE6F4F30085EF2F /* Build configuration list for PBXNativeTarget "PsotifyUITests" */ = {
			isa = XCConfigurationList;
			buildConfigurations = (
				777C61282CE6F4F30085EF2F /* Debug */,
				777C61292CE6F4F30085EF2F /* Release */,
			);
			defaultConfigurationIsVisible = 0;
			defaultConfigurationName = Release;
		};
/* End XCConfigurationList section */
	};
	rootObject = 777C60F52CE6F4ED0085EF2F /* Project object */;
}
