// !$*UTF8*$!
{
	archiveVersion = 1;
	classes = {
	};
	objectVersion = 56;
	objects = {

/* Begin PBXBuildFile section */
		77143A442D073C9C00884119 /* Task+Extensions.swift in Sources */ = {isa = PBXBuildFile; fileRef = 77143A432D073C9C00884119 /* Task+Extensions.swift */; };
		77143A462D074A6100884119 /* MockAuthUseCase.swift in Sources */ = {isa = PBXBuildFile; fileRef = 77143A452D074A6100884119 /* MockAuthUseCase.swift */; };
		772496002CFD94CF00211103 /* SearchView.swift in Sources */ = {isa = PBXBuildFile; fileRef = 772495FF2CFD94CF00211103 /* SearchView.swift */; };
		772496022CFD94DB00211103 /* SearchViewModel.swift in Sources */ = {isa = PBXBuildFile; fileRef = 772496012CFD94DB00211103 /* SearchViewModel.swift */; };
		772496042CFDD20400211103 /* GetSearchResultUseCase.swift in Sources */ = {isa = PBXBuildFile; fileRef = 772496032CFDD20400211103 /* GetSearchResultUseCase.swift */; };
		772496062CFDD2B600211103 /* SearchResponse.swift in Sources */ = {isa = PBXBuildFile; fileRef = 772496052CFDD2B600211103 /* SearchResponse.swift */; };
		772496092CFDF59000211103 /* SearchResultsView.swift in Sources */ = {isa = PBXBuildFile; fileRef = 772496082CFDF59000211103 /* SearchResultsView.swift */; };
		7724960B2CFDF5D600211103 /* SearchErrorView.swift in Sources */ = {isa = PBXBuildFile; fileRef = 7724960A2CFDF5D600211103 /* SearchErrorView.swift */; };
		7724960D2CFDF5E100211103 /* SearchListViews.swift in Sources */ = {isa = PBXBuildFile; fileRef = 7724960C2CFDF5E100211103 /* SearchListViews.swift */; };
		772496142CFF36AE00211103 /* LibraryView.swift in Sources */ = {isa = PBXBuildFile; fileRef = 772496132CFF36AE00211103 /* LibraryView.swift */; };
		772496162CFF36E900211103 /* LibraryViewModel.swift in Sources */ = {isa = PBXBuildFile; fileRef = 772496152CFF36E900211103 /* LibraryViewModel.swift */; };
		7724961B2D00AE0300211103 /* GetUserTopTracksUseCase.swift in Sources */ = {isa = PBXBuildFile; fileRef = 7724961A2D00AE0300211103 /* GetUserTopTracksUseCase.swift */; };
		7724961F2D00E94900211103 /* UserTracksResponse.swift in Sources */ = {isa = PBXBuildFile; fileRef = 7724961E2D00E94900211103 /* UserTracksResponse.swift */; };
		772496222D00F2C300211103 /* TrackView.swift in Sources */ = {isa = PBXBuildFile; fileRef = 772496212D00F2C300211103 /* TrackView.swift */; };
		772496262D016EAA00211103 /* NetworkServiceTests.swift in Sources */ = {isa = PBXBuildFile; fileRef = 772496252D016EAA00211103 /* NetworkServiceTests.swift */; };
		772496282D01B8F400211103 /* URLProtocolStub.swift in Sources */ = {isa = PBXBuildFile; fileRef = 772496272D01B8F300211103 /* URLProtocolStub.swift */; };
		7724962E2D01D33500211103 /* DataParsingHelper.swift in Sources */ = {isa = PBXBuildFile; fileRef = 7724962D2D01D33500211103 /* DataParsingHelper.swift */; };
		772496392D01FDAA00211103 /* PsotifyTokenResponse.json in Resources */ = {isa = PBXBuildFile; fileRef = 772496362D01FCF300211103 /* PsotifyTokenResponse.json */; };
		7724963B2D02B94F00211103 /* AppDIContainerTest.swift in Sources */ = {isa = PBXBuildFile; fileRef = 7724963A2D02B94F00211103 /* AppDIContainerTest.swift */; };
		7724963E2D02E80B00211103 /* GetUserProfileUseCaseTest.swift in Sources */ = {isa = PBXBuildFile; fileRef = 7724963D2D02E80B00211103 /* GetUserProfileUseCaseTest.swift */; };
		772496422D031D4700211103 /* UserProfileResponse.json in Resources */ = {isa = PBXBuildFile; fileRef = 7724963F2D02F46700211103 /* UserProfileResponse.json */; };
		772496462D03311100211103 /* XCTestCase+Extension.swift in Sources */ = {isa = PBXBuildFile; fileRef = 772496452D03311100211103 /* XCTestCase+Extension.swift */; };
		772496482D0343E400211103 /* AuthUseCaseTest.swift in Sources */ = {isa = PBXBuildFile; fileRef = 772496472D0343E400211103 /* AuthUseCaseTest.swift */; };
		7724964B2D0356C500211103 /* MockNetworkService.swift in Sources */ = {isa = PBXBuildFile; fileRef = 7724964A2D0356C500211103 /* MockNetworkService.swift */; };
		7724964D2D036CD100211103 /* MockKeyChainService.swift in Sources */ = {isa = PBXBuildFile; fileRef = 7724964C2D036CD100211103 /* MockKeyChainService.swift */; };
		7724964F2D04F5FC00211103 /* GetAlbumsUseCaseTest.swift in Sources */ = {isa = PBXBuildFile; fileRef = 7724964E2D04F5FC00211103 /* GetAlbumsUseCaseTest.swift */; };
		772496512D04F78200211103 /* AlbumsResponse.json in Resources */ = {isa = PBXBuildFile; fileRef = 772496502D04F78200211103 /* AlbumsResponse.json */; };
		772496532D04F84700211103 /* AlbumItemResponse.json in Resources */ = {isa = PBXBuildFile; fileRef = 772496522D04F84700211103 /* AlbumItemResponse.json */; };
		772496552D04FF1600211103 /* BaseUseCaseTests.swift in Sources */ = {isa = PBXBuildFile; fileRef = 772496542D04FF1600211103 /* BaseUseCaseTests.swift */; };
		772496592D058A6A00211103 /* GetPlaylistsUseCaseTest.swift in Sources */ = {isa = PBXBuildFile; fileRef = 772496582D058A6A00211103 /* GetPlaylistsUseCaseTest.swift */; };
		7724965B2D058B0400211103 /* PlaylistDetailResponse.json in Resources */ = {isa = PBXBuildFile; fileRef = 7724965A2D058B0400211103 /* PlaylistDetailResponse.json */; };
		7724965D2D058B5600211103 /* UserPlaylistsResponse.json in Resources */ = {isa = PBXBuildFile; fileRef = 7724965C2D058B5600211103 /* UserPlaylistsResponse.json */; };
		7724965F2D05900700211103 /* GetSongUseCaseTest.swift in Sources */ = {isa = PBXBuildFile; fileRef = 7724965E2D05900700211103 /* GetSongUseCaseTest.swift */; };
		772496612D0590C200211103 /* SongResponse.json in Resources */ = {isa = PBXBuildFile; fileRef = 772496602D0590C200211103 /* SongResponse.json */; };
		772496632D059AB300211103 /* GetSearchResultUseCaseTest.swift in Sources */ = {isa = PBXBuildFile; fileRef = 772496622D059AB300211103 /* GetSearchResultUseCaseTest.swift */; };
		772496652D05A71B00211103 /* GetUserSavedTracksUseCaseTest.swift in Sources */ = {isa = PBXBuildFile; fileRef = 772496642D05A71B00211103 /* GetUserSavedTracksUseCaseTest.swift */; };
		772496672D05A86800211103 /* UserTracksResponse.json in Resources */ = {isa = PBXBuildFile; fileRef = 772496662D05A86800211103 /* UserTracksResponse.json */; };
		7724966B2D05BAEE00211103 /* MainViewModelTest.swift in Sources */ = {isa = PBXBuildFile; fileRef = 7724966A2D05BAEE00211103 /* MainViewModelTest.swift */; };
		774389BA2CF87F9800143C7D /* SkeletonPlaceHolderView.swift in Sources */ = {isa = PBXBuildFile; fileRef = 774389B92CF87F9800143C7D /* SkeletonPlaceHolderView.swift */; };
		774389BD2CF89D6F00143C7D /* ErrorView.swift in Sources */ = {isa = PBXBuildFile; fileRef = 774389BC2CF89D6F00143C7D /* ErrorView.swift */; };
		774389BF2CF8A28600143C7D /* ScreenState.swift in Sources */ = {isa = PBXBuildFile; fileRef = 774389BE2CF8A28600143C7D /* ScreenState.swift */; };
		774389C22CF8B02600143C7D /* AlbumDetailView.swift in Sources */ = {isa = PBXBuildFile; fileRef = 774389C12CF8B02600143C7D /* AlbumDetailView.swift */; };
		774389C62CF8E24B00143C7D /* AlbumDetailViewModel.swift in Sources */ = {isa = PBXBuildFile; fileRef = 774389C52CF8E24B00143C7D /* AlbumDetailViewModel.swift */; };
		774389C82CF9FBB700143C7D /* SectionGridViewUIModel.swift in Sources */ = {isa = PBXBuildFile; fileRef = 774389C72CF9FBB700143C7D /* SectionGridViewUIModel.swift */; };
		774389CE2CFA0E8400143C7D /* PlayerManager.swift in Sources */ = {isa = PBXBuildFile; fileRef = 774389CD2CFA0E8400143C7D /* PlayerManager.swift */; };
		774389D02CFA136400143C7D /* GetSongUseCase.swift in Sources */ = {isa = PBXBuildFile; fileRef = 774389CF2CFA136400143C7D /* GetSongUseCase.swift */; };
		774389D22CFA148F00143C7D /* SongResponse.swift in Sources */ = {isa = PBXBuildFile; fileRef = 774389D12CFA148F00143C7D /* SongResponse.swift */; };
		774389D42CFA17D400143C7D /* PlayerViewModel.swift in Sources */ = {isa = PBXBuildFile; fileRef = 774389D32CFA17D400143C7D /* PlayerViewModel.swift */; };
		774389D92CFB4DF800143C7D /* RequestBuilder.swift in Sources */ = {isa = PBXBuildFile; fileRef = 774389D82CFB4DF800143C7D /* RequestBuilder.swift */; };
		774389DB2CFB5EF900143C7D /* RequestFactory.swift in Sources */ = {isa = PBXBuildFile; fileRef = 774389DA2CFB5EF900143C7D /* RequestFactory.swift */; };
		774389DD2CFC473600143C7D /* PlayerView.swift in Sources */ = {isa = PBXBuildFile; fileRef = 774389DC2CFC473600143C7D /* PlayerView.swift */; };
		774389DF2CFC507500143C7D /* PlayerControlButtonView.swift in Sources */ = {isa = PBXBuildFile; fileRef = 774389DE2CFC507500143C7D /* PlayerControlButtonView.swift */; };
		774389E52CFC7E9500143C7D /* AppDIContainer.swift in Sources */ = {isa = PBXBuildFile; fileRef = 774389E42CFC7E9500143C7D /* AppDIContainer.swift */; };
		774389E72CFC82CF00143C7D /* piano.mp3 in Resources */ = {isa = PBXBuildFile; fileRef = 774389E62CFC82CF00143C7D /* piano.mp3 */; };
		774389E92CFCBAE300143C7D /* PsotifyApp+Extension.swift in Sources */ = {isa = PBXBuildFile; fileRef = 774389E82CFCBAE300143C7D /* PsotifyApp+Extension.swift */; };
		777C61012CE6F4ED0085EF2F /* PsotifyApp.swift in Sources */ = {isa = PBXBuildFile; fileRef = 777C61002CE6F4ED0085EF2F /* PsotifyApp.swift */; };
		777C61032CE6F4ED0085EF2F /* MainView.swift in Sources */ = {isa = PBXBuildFile; fileRef = 777C61022CE6F4ED0085EF2F /* MainView.swift */; };
		777C61052CE6F4F00085EF2F /* Assets.xcassets in Resources */ = {isa = PBXBuildFile; fileRef = 777C61042CE6F4F00085EF2F /* Assets.xcassets */; };
		777C61082CE6F4F00085EF2F /* Preview Assets.xcassets in Resources */ = {isa = PBXBuildFile; fileRef = 777C61072CE6F4F00085EF2F /* Preview Assets.xcassets */; };
		777C61122CE6F4F30085EF2F /* PsotifyTests.swift in Sources */ = {isa = PBXBuildFile; fileRef = 777C61112CE6F4F30085EF2F /* PsotifyTests.swift */; };
		777C611C2CE6F4F30085EF2F /* PsotifyUITests.swift in Sources */ = {isa = PBXBuildFile; fileRef = 777C611B2CE6F4F30085EF2F /* PsotifyUITests.swift */; };
		777C611E2CE6F4F30085EF2F /* PsotifyUITestsLaunchTests.swift in Sources */ = {isa = PBXBuildFile; fileRef = 777C611D2CE6F4F30085EF2F /* PsotifyUITestsLaunchTests.swift */; };
		777C612C2CE6F8E10085EF2F /* TabbarView.swift in Sources */ = {isa = PBXBuildFile; fileRef = 777C612B2CE6F8E10085EF2F /* TabbarView.swift */; };
		777C61302CE6F9890085EF2F /* Navigation.swift in Sources */ = {isa = PBXBuildFile; fileRef = 777C612F2CE6F9890085EF2F /* Navigation.swift */; };
		777C61332CE6F9E10085EF2F /* Navigation+Modifier.swift in Sources */ = {isa = PBXBuildFile; fileRef = 777C61322CE6F9E10085EF2F /* Navigation+Modifier.swift */; };
		777C61352CE6FB770085EF2F /* MainViewModel.swift in Sources */ = {isa = PBXBuildFile; fileRef = 777C61342CE6FB770085EF2F /* MainViewModel.swift */; };
		777C61382CE6FC7D0085EF2F /* View+Extensions.swift in Sources */ = {isa = PBXBuildFile; fileRef = 777C61372CE6FC7D0085EF2F /* View+Extensions.swift */; };
		777C613B2CE6FEBC0085EF2F /* NetworkService.swift in Sources */ = {isa = PBXBuildFile; fileRef = 777C613A2CE6FEBC0085EF2F /* NetworkService.swift */; };
		777C613F2CE6FF2D0085EF2F /* HTTPStatusCases.swift in Sources */ = {isa = PBXBuildFile; fileRef = 777C613E2CE6FF2D0085EF2F /* HTTPStatusCases.swift */; };
		777C61422CE6FF7B0085EF2F /* NetworkServiceErrors.swift in Sources */ = {isa = PBXBuildFile; fileRef = 777C61412CE6FF7B0085EF2F /* NetworkServiceErrors.swift */; };
		777C61442CE6FFB50085EF2F /* ErrorResponse.swift in Sources */ = {isa = PBXBuildFile; fileRef = 777C61432CE6FFB50085EF2F /* ErrorResponse.swift */; };
		777C61472CE701120085EF2F /* Psotify+Endpoints.swift in Sources */ = {isa = PBXBuildFile; fileRef = 777C61462CE701120085EF2F /* Psotify+Endpoints.swift */; };
		77DB74772CEFC74000693592 /* HomeViewModel.swift in Sources */ = {isa = PBXBuildFile; fileRef = 77DB74762CEFC74000693592 /* HomeViewModel.swift */; };
		77DB747B2CEFCDC600693592 /* HomeView.swift in Sources */ = {isa = PBXBuildFile; fileRef = 77DB747A2CEFCDC600693592 /* HomeView.swift */; };
		77DB747E2CF4A30500693592 /* ProfileView.swift in Sources */ = {isa = PBXBuildFile; fileRef = 77DB747D2CF4A30500693592 /* ProfileView.swift */; };
		77DB74812CF4A82B00693592 /* SectionGridView.swift in Sources */ = {isa = PBXBuildFile; fileRef = 77DB74802CF4A82B00693592 /* SectionGridView.swift */; };
		77DB74832CF4A88600693592 /* HorizontalScrollView.swift in Sources */ = {isa = PBXBuildFile; fileRef = 77DB74822CF4A88600693592 /* HorizontalScrollView.swift */; };
		77DB74852CF5919B00693592 /* GetAlbumsUseCase.swift in Sources */ = {isa = PBXBuildFile; fileRef = 77DB74842CF5919B00693592 /* GetAlbumsUseCase.swift */; };
		77DB74872CF591B700693592 /* GetUserProfileUseCase.swift in Sources */ = {isa = PBXBuildFile; fileRef = 77DB74862CF591B700693592 /* GetUserProfileUseCase.swift */; };
		77DB74892CF5939700693592 /* UserProfileResponse.swift in Sources */ = {isa = PBXBuildFile; fileRef = 77DB74882CF5939700693592 /* UserProfileResponse.swift */; };
		77DB748B2CF594C700693592 /* StorageKeys.swift in Sources */ = {isa = PBXBuildFile; fileRef = 77DB748A2CF594C700693592 /* StorageKeys.swift */; };
		77DB748D2CF61BA200693592 /* AlbumsObjectResponse.swift in Sources */ = {isa = PBXBuildFile; fileRef = 77DB748C2CF61BA200693592 /* AlbumsObjectResponse.swift */; };
		77DB74912CF6D38700693592 /* AlbumItem.swift in Sources */ = {isa = PBXBuildFile; fileRef = 77DB74902CF6D38700693592 /* AlbumItem.swift */; };
		77DB74982CF6FD8300693592 /* ProfileViewModel.swift in Sources */ = {isa = PBXBuildFile; fileRef = 77DB74972CF6FD8300693592 /* ProfileViewModel.swift */; };
		77DB749B2CF70E3C00693592 /* GetPlaylistsUseCase.swift in Sources */ = {isa = PBXBuildFile; fileRef = 77DB749A2CF70E3C00693592 /* GetPlaylistsUseCase.swift */; };
		77DB749D2CF70EF600693592 /* UserPlaylistsResponse.swift in Sources */ = {isa = PBXBuildFile; fileRef = 77DB749C2CF70EF600693592 /* UserPlaylistsResponse.swift */; };
		77DB749F2CF7224000693592 /* PlayListDetailResponse.swift in Sources */ = {isa = PBXBuildFile; fileRef = 77DB749E2CF7224000693592 /* PlayListDetailResponse.swift */; };
		77DB74A22CF728EE00693592 /* HorizontalScrollViewUIModel.swift in Sources */ = {isa = PBXBuildFile; fileRef = 77DB74A12CF728EE00693592 /* HorizontalScrollViewUIModel.swift */; };
		77DB74A82CF8306E00693592 /* SubModels.swift in Sources */ = {isa = PBXBuildFile; fileRef = 77DB74A72CF8306E00693592 /* SubModels.swift */; };
		77EE44FC2CE741AC004A7EAD /* Launch.swift in Sources */ = {isa = PBXBuildFile; fileRef = 77EE44FB2CE741AC004A7EAD /* Launch.swift */; };
		77EE44FF2CE741CE004A7EAD /* LoginView.swift in Sources */ = {isa = PBXBuildFile; fileRef = 77EE44FE2CE741CE004A7EAD /* LoginView.swift */; };
		77EE45062CE75F81004A7EAD /* WebView.swift in Sources */ = {isa = PBXBuildFile; fileRef = 77EE45052CE75F81004A7EAD /* WebView.swift */; };
		77EE45082CE7613A004A7EAD /* LoginViewModel.swift in Sources */ = {isa = PBXBuildFile; fileRef = 77EE45072CE7613A004A7EAD /* LoginViewModel.swift */; };
		77EE450D2CE77DFA004A7EAD /* KeyChainService.swift in Sources */ = {isa = PBXBuildFile; fileRef = 77EE450C2CE77DFA004A7EAD /* KeyChainService.swift */; };
		77EE45102CE77F1E004A7EAD /* String+Extensions.swift in Sources */ = {isa = PBXBuildFile; fileRef = 77EE450F2CE77F1E004A7EAD /* String+Extensions.swift */; };
		77EE45122CE77F3B004A7EAD /* Data+Extensions.swift in Sources */ = {isa = PBXBuildFile; fileRef = 77EE45112CE77F3B004A7EAD /* Data+Extensions.swift */; };
		77EE45142CE78309004A7EAD /* PsotifyTokenResponse.swift in Sources */ = {isa = PBXBuildFile; fileRef = 77EE45132CE78309004A7EAD /* PsotifyTokenResponse.swift */; };
		77EE45162CE783DE004A7EAD /* Spotify+AuthErrors.swift in Sources */ = {isa = PBXBuildFile; fileRef = 77EE45152CE783DE004A7EAD /* Spotify+AuthErrors.swift */; };
		77EE45182CEA6ADB004A7EAD /* UserDefaultsService.swift in Sources */ = {isa = PBXBuildFile; fileRef = 77EE45172CEA6ADB004A7EAD /* UserDefaultsService.swift */; };
		77EE451D2CEB2979004A7EAD /* UserLoginState.swift in Sources */ = {isa = PBXBuildFile; fileRef = 77EE451C2CEB2979004A7EAD /* UserLoginState.swift */; };
		77EE45202CEB3456004A7EAD /* AuthUseCase.swift in Sources */ = {isa = PBXBuildFile; fileRef = 77EE451F2CEB3456004A7EAD /* AuthUseCase.swift */; };
		77EE45222CEC8589004A7EAD /* ConfigurationSettings.swift in Sources */ = {isa = PBXBuildFile; fileRef = 77EE45212CEC8589004A7EAD /* ConfigurationSettings.swift */; };
		77EE45242CECA229004A7EAD /* ConfigurationProtocol.swift in Sources */ = {isa = PBXBuildFile; fileRef = 77EE45232CECA229004A7EAD /* ConfigurationProtocol.swift */; };
/* End PBXBuildFile section */

/* Begin PBXContainerItemProxy section */
		777C610E2CE6F4F30085EF2F /* PBXContainerItemProxy */ = {
			isa = PBXContainerItemProxy;
			containerPortal = 777C60F52CE6F4ED0085EF2F /* Project object */;
			proxyType = 1;
			remoteGlobalIDString = 777C60FC2CE6F4ED0085EF2F;
			remoteInfo = Psotify;
		};
		777C61182CE6F4F30085EF2F /* PBXContainerItemProxy */ = {
			isa = PBXContainerItemProxy;
			containerPortal = 777C60F52CE6F4ED0085EF2F /* Project object */;
			proxyType = 1;
			remoteGlobalIDString = 777C60FC2CE6F4ED0085EF2F;
			remoteInfo = Psotify;
		};
/* End PBXContainerItemProxy section */

/* Begin PBXFileReference section */
		77143A432D073C9C00884119 /* Task+Extensions.swift */ = {isa = PBXFileReference; lastKnownFileType = sourcecode.swift; path = "Task+Extensions.swift"; sourceTree = "<group>"; };
		77143A452D074A6100884119 /* MockAuthUseCase.swift */ = {isa = PBXFileReference; lastKnownFileType = sourcecode.swift; path = MockAuthUseCase.swift; sourceTree = "<group>"; };
		772495FF2CFD94CF00211103 /* SearchView.swift */ = {isa = PBXFileReference; lastKnownFileType = sourcecode.swift; path = SearchView.swift; sourceTree = "<group>"; };
		772496012CFD94DB00211103 /* SearchViewModel.swift */ = {isa = PBXFileReference; lastKnownFileType = sourcecode.swift; path = SearchViewModel.swift; sourceTree = "<group>"; };
		772496032CFDD20400211103 /* GetSearchResultUseCase.swift */ = {isa = PBXFileReference; lastKnownFileType = sourcecode.swift; path = GetSearchResultUseCase.swift; sourceTree = "<group>"; };
		772496052CFDD2B600211103 /* SearchResponse.swift */ = {isa = PBXFileReference; lastKnownFileType = sourcecode.swift; path = SearchResponse.swift; sourceTree = "<group>"; };
		772496082CFDF59000211103 /* SearchResultsView.swift */ = {isa = PBXFileReference; lastKnownFileType = sourcecode.swift; path = SearchResultsView.swift; sourceTree = "<group>"; };
		7724960A2CFDF5D600211103 /* SearchErrorView.swift */ = {isa = PBXFileReference; lastKnownFileType = sourcecode.swift; path = SearchErrorView.swift; sourceTree = "<group>"; };
		7724960C2CFDF5E100211103 /* SearchListViews.swift */ = {isa = PBXFileReference; lastKnownFileType = sourcecode.swift; path = SearchListViews.swift; sourceTree = "<group>"; };
		772496132CFF36AE00211103 /* LibraryView.swift */ = {isa = PBXFileReference; lastKnownFileType = sourcecode.swift; path = LibraryView.swift; sourceTree = "<group>"; };
		772496152CFF36E900211103 /* LibraryViewModel.swift */ = {isa = PBXFileReference; lastKnownFileType = sourcecode.swift; path = LibraryViewModel.swift; sourceTree = "<group>"; };
		7724961A2D00AE0300211103 /* GetUserTopTracksUseCase.swift */ = {isa = PBXFileReference; lastKnownFileType = sourcecode.swift; path = GetUserTopTracksUseCase.swift; sourceTree = "<group>"; };
		7724961E2D00E94900211103 /* UserTracksResponse.swift */ = {isa = PBXFileReference; lastKnownFileType = sourcecode.swift; path = UserTracksResponse.swift; sourceTree = "<group>"; };
		772496212D00F2C300211103 /* TrackView.swift */ = {isa = PBXFileReference; lastKnownFileType = sourcecode.swift; path = TrackView.swift; sourceTree = "<group>"; };
		772496252D016EAA00211103 /* NetworkServiceTests.swift */ = {isa = PBXFileReference; lastKnownFileType = sourcecode.swift; path = NetworkServiceTests.swift; sourceTree = "<group>"; };
		772496272D01B8F300211103 /* URLProtocolStub.swift */ = {isa = PBXFileReference; lastKnownFileType = sourcecode.swift; path = URLProtocolStub.swift; sourceTree = "<group>"; };
		7724962D2D01D33500211103 /* DataParsingHelper.swift */ = {isa = PBXFileReference; lastKnownFileType = sourcecode.swift; path = DataParsingHelper.swift; sourceTree = "<group>"; };
		772496362D01FCF300211103 /* PsotifyTokenResponse.json */ = {isa = PBXFileReference; lastKnownFileType = text.json; path = PsotifyTokenResponse.json; sourceTree = "<group>"; };
		7724963A2D02B94F00211103 /* AppDIContainerTest.swift */ = {isa = PBXFileReference; lastKnownFileType = sourcecode.swift; path = AppDIContainerTest.swift; sourceTree = "<group>"; };
		7724963D2D02E80B00211103 /* GetUserProfileUseCaseTest.swift */ = {isa = PBXFileReference; lastKnownFileType = sourcecode.swift; path = GetUserProfileUseCaseTest.swift; sourceTree = "<group>"; };
		7724963F2D02F46700211103 /* UserProfileResponse.json */ = {isa = PBXFileReference; lastKnownFileType = text.json; path = UserProfileResponse.json; sourceTree = "<group>"; };
		772496452D03311100211103 /* XCTestCase+Extension.swift */ = {isa = PBXFileReference; lastKnownFileType = sourcecode.swift; path = "XCTestCase+Extension.swift"; sourceTree = "<group>"; };
		772496472D0343E400211103 /* AuthUseCaseTest.swift */ = {isa = PBXFileReference; lastKnownFileType = sourcecode.swift; path = AuthUseCaseTest.swift; sourceTree = "<group>"; };
		7724964A2D0356C500211103 /* MockNetworkService.swift */ = {isa = PBXFileReference; lastKnownFileType = sourcecode.swift; path = MockNetworkService.swift; sourceTree = "<group>"; };
		7724964C2D036CD100211103 /* MockKeyChainService.swift */ = {isa = PBXFileReference; lastKnownFileType = sourcecode.swift; path = MockKeyChainService.swift; sourceTree = "<group>"; };
		7724964E2D04F5FC00211103 /* GetAlbumsUseCaseTest.swift */ = {isa = PBXFileReference; lastKnownFileType = sourcecode.swift; path = GetAlbumsUseCaseTest.swift; sourceTree = "<group>"; };
		772496502D04F78200211103 /* AlbumsResponse.json */ = {isa = PBXFileReference; lastKnownFileType = text.json; path = AlbumsResponse.json; sourceTree = "<group>"; };
		772496522D04F84700211103 /* AlbumItemResponse.json */ = {isa = PBXFileReference; lastKnownFileType = text.json; path = AlbumItemResponse.json; sourceTree = "<group>"; };
		772496542D04FF1600211103 /* BaseUseCaseTests.swift */ = {isa = PBXFileReference; lastKnownFileType = sourcecode.swift; path = BaseUseCaseTests.swift; sourceTree = "<group>"; };
		772496582D058A6A00211103 /* GetPlaylistsUseCaseTest.swift */ = {isa = PBXFileReference; lastKnownFileType = sourcecode.swift; path = GetPlaylistsUseCaseTest.swift; sourceTree = "<group>"; };
		7724965A2D058B0400211103 /* PlaylistDetailResponse.json */ = {isa = PBXFileReference; lastKnownFileType = text.json; path = PlaylistDetailResponse.json; sourceTree = "<group>"; };
		7724965C2D058B5600211103 /* UserPlaylistsResponse.json */ = {isa = PBXFileReference; lastKnownFileType = text.json; path = UserPlaylistsResponse.json; sourceTree = "<group>"; };
		7724965E2D05900700211103 /* GetSongUseCaseTest.swift */ = {isa = PBXFileReference; lastKnownFileType = sourcecode.swift; path = GetSongUseCaseTest.swift; sourceTree = "<group>"; };
		772496602D0590C200211103 /* SongResponse.json */ = {isa = PBXFileReference; lastKnownFileType = text.json; path = SongResponse.json; sourceTree = "<group>"; };
		772496622D059AB300211103 /* GetSearchResultUseCaseTest.swift */ = {isa = PBXFileReference; lastKnownFileType = sourcecode.swift; path = GetSearchResultUseCaseTest.swift; sourceTree = "<group>"; };
		772496642D05A71B00211103 /* GetUserSavedTracksUseCaseTest.swift */ = {isa = PBXFileReference; lastKnownFileType = sourcecode.swift; path = GetUserSavedTracksUseCaseTest.swift; sourceTree = "<group>"; };
		772496662D05A86800211103 /* UserTracksResponse.json */ = {isa = PBXFileReference; lastKnownFileType = text.json; path = UserTracksResponse.json; sourceTree = "<group>"; };
		7724966A2D05BAEE00211103 /* MainViewModelTest.swift */ = {isa = PBXFileReference; lastKnownFileType = sourcecode.swift; path = MainViewModelTest.swift; sourceTree = "<group>"; };
		774389B92CF87F9800143C7D /* SkeletonPlaceHolderView.swift */ = {isa = PBXFileReference; lastKnownFileType = sourcecode.swift; path = SkeletonPlaceHolderView.swift; sourceTree = "<group>"; };
		774389BC2CF89D6F00143C7D /* ErrorView.swift */ = {isa = PBXFileReference; lastKnownFileType = sourcecode.swift; path = ErrorView.swift; sourceTree = "<group>"; };
		774389BE2CF8A28600143C7D /* ScreenState.swift */ = {isa = PBXFileReference; lastKnownFileType = sourcecode.swift; path = ScreenState.swift; sourceTree = "<group>"; };
		774389C12CF8B02600143C7D /* AlbumDetailView.swift */ = {isa = PBXFileReference; lastKnownFileType = sourcecode.swift; path = AlbumDetailView.swift; sourceTree = "<group>"; };
		774389C52CF8E24B00143C7D /* AlbumDetailViewModel.swift */ = {isa = PBXFileReference; lastKnownFileType = sourcecode.swift; path = AlbumDetailViewModel.swift; sourceTree = "<group>"; };
		774389C72CF9FBB700143C7D /* SectionGridViewUIModel.swift */ = {isa = PBXFileReference; lastKnownFileType = sourcecode.swift; path = SectionGridViewUIModel.swift; sourceTree = "<group>"; };
		774389CD2CFA0E8400143C7D /* PlayerManager.swift */ = {isa = PBXFileReference; lastKnownFileType = sourcecode.swift; path = PlayerManager.swift; sourceTree = "<group>"; };
		774389CF2CFA136400143C7D /* GetSongUseCase.swift */ = {isa = PBXFileReference; lastKnownFileType = sourcecode.swift; path = GetSongUseCase.swift; sourceTree = "<group>"; };
		774389D12CFA148F00143C7D /* SongResponse.swift */ = {isa = PBXFileReference; lastKnownFileType = sourcecode.swift; path = SongResponse.swift; sourceTree = "<group>"; };
		774389D32CFA17D400143C7D /* PlayerViewModel.swift */ = {isa = PBXFileReference; lastKnownFileType = sourcecode.swift; path = PlayerViewModel.swift; sourceTree = "<group>"; };
		774389D82CFB4DF800143C7D /* RequestBuilder.swift */ = {isa = PBXFileReference; lastKnownFileType = sourcecode.swift; path = RequestBuilder.swift; sourceTree = "<group>"; };
		774389DA2CFB5EF900143C7D /* RequestFactory.swift */ = {isa = PBXFileReference; lastKnownFileType = sourcecode.swift; path = RequestFactory.swift; sourceTree = "<group>"; };
		774389DC2CFC473600143C7D /* PlayerView.swift */ = {isa = PBXFileReference; lastKnownFileType = sourcecode.swift; path = PlayerView.swift; sourceTree = "<group>"; };
		774389DE2CFC507500143C7D /* PlayerControlButtonView.swift */ = {isa = PBXFileReference; lastKnownFileType = sourcecode.swift; path = PlayerControlButtonView.swift; sourceTree = "<group>"; };
		774389E42CFC7E9500143C7D /* AppDIContainer.swift */ = {isa = PBXFileReference; lastKnownFileType = sourcecode.swift; path = AppDIContainer.swift; sourceTree = "<group>"; };
		774389E62CFC82CF00143C7D /* piano.mp3 */ = {isa = PBXFileReference; lastKnownFileType = audio.mp3; path = piano.mp3; sourceTree = "<group>"; };
		774389E82CFCBAE300143C7D /* PsotifyApp+Extension.swift */ = {isa = PBXFileReference; lastKnownFileType = sourcecode.swift; path = "PsotifyApp+Extension.swift"; sourceTree = "<group>"; };
		777C60FD2CE6F4ED0085EF2F /* Psotify.app */ = {isa = PBXFileReference; explicitFileType = wrapper.application; includeInIndex = 0; path = Psotify.app; sourceTree = BUILT_PRODUCTS_DIR; };
		777C61002CE6F4ED0085EF2F /* PsotifyApp.swift */ = {isa = PBXFileReference; lastKnownFileType = sourcecode.swift; path = PsotifyApp.swift; sourceTree = "<group>"; };
		777C61022CE6F4ED0085EF2F /* MainView.swift */ = {isa = PBXFileReference; lastKnownFileType = sourcecode.swift; path = MainView.swift; sourceTree = "<group>"; };
		777C61042CE6F4F00085EF2F /* Assets.xcassets */ = {isa = PBXFileReference; lastKnownFileType = folder.assetcatalog; name = Assets.xcassets; path = Images/Assets.xcassets; sourceTree = "<group>"; };
		777C61072CE6F4F00085EF2F /* Preview Assets.xcassets */ = {isa = PBXFileReference; lastKnownFileType = folder.assetcatalog; path = "Preview Assets.xcassets"; sourceTree = "<group>"; };
		777C610D2CE6F4F30085EF2F /* PsotifyTests.xctest */ = {isa = PBXFileReference; explicitFileType = wrapper.cfbundle; includeInIndex = 0; path = PsotifyTests.xctest; sourceTree = BUILT_PRODUCTS_DIR; };
		777C61112CE6F4F30085EF2F /* PsotifyTests.swift */ = {isa = PBXFileReference; lastKnownFileType = sourcecode.swift; path = PsotifyTests.swift; sourceTree = "<group>"; };
		777C61172CE6F4F30085EF2F /* PsotifyUITests.xctest */ = {isa = PBXFileReference; explicitFileType = wrapper.cfbundle; includeInIndex = 0; path = PsotifyUITests.xctest; sourceTree = BUILT_PRODUCTS_DIR; };
		777C611B2CE6F4F30085EF2F /* PsotifyUITests.swift */ = {isa = PBXFileReference; lastKnownFileType = sourcecode.swift; path = PsotifyUITests.swift; sourceTree = "<group>"; };
		777C611D2CE6F4F30085EF2F /* PsotifyUITestsLaunchTests.swift */ = {isa = PBXFileReference; lastKnownFileType = sourcecode.swift; path = PsotifyUITestsLaunchTests.swift; sourceTree = "<group>"; };
		777C612B2CE6F8E10085EF2F /* TabbarView.swift */ = {isa = PBXFileReference; lastKnownFileType = sourcecode.swift; path = TabbarView.swift; sourceTree = "<group>"; };
		777C612F2CE6F9890085EF2F /* Navigation.swift */ = {isa = PBXFileReference; lastKnownFileType = sourcecode.swift; path = Navigation.swift; sourceTree = "<group>"; };
		777C61322CE6F9E10085EF2F /* Navigation+Modifier.swift */ = {isa = PBXFileReference; lastKnownFileType = sourcecode.swift; path = "Navigation+Modifier.swift"; sourceTree = "<group>"; };
		777C61342CE6FB770085EF2F /* MainViewModel.swift */ = {isa = PBXFileReference; lastKnownFileType = sourcecode.swift; path = MainViewModel.swift; sourceTree = "<group>"; };
		777C61372CE6FC7D0085EF2F /* View+Extensions.swift */ = {isa = PBXFileReference; lastKnownFileType = sourcecode.swift; path = "View+Extensions.swift"; sourceTree = "<group>"; };
		777C613A2CE6FEBC0085EF2F /* NetworkService.swift */ = {isa = PBXFileReference; lastKnownFileType = sourcecode.swift; path = NetworkService.swift; sourceTree = "<group>"; };
		777C613E2CE6FF2D0085EF2F /* HTTPStatusCases.swift */ = {isa = PBXFileReference; lastKnownFileType = sourcecode.swift; path = HTTPStatusCases.swift; sourceTree = "<group>"; };
		777C61412CE6FF7B0085EF2F /* NetworkServiceErrors.swift */ = {isa = PBXFileReference; lastKnownFileType = sourcecode.swift; path = NetworkServiceErrors.swift; sourceTree = "<group>"; };
		777C61432CE6FFB50085EF2F /* ErrorResponse.swift */ = {isa = PBXFileReference; lastKnownFileType = sourcecode.swift; path = ErrorResponse.swift; sourceTree = "<group>"; };
		777C61462CE701120085EF2F /* Psotify+Endpoints.swift */ = {isa = PBXFileReference; lastKnownFileType = sourcecode.swift; path = "Psotify+Endpoints.swift"; sourceTree = "<group>"; };
		777C614C2CE706E70085EF2F /* Debug.xcconfig */ = {isa = PBXFileReference; lastKnownFileType = text.xcconfig; path = Debug.xcconfig; sourceTree = "<group>"; };
		777C614D2CE706FA0085EF2F /* Release.xcconfig */ = {isa = PBXFileReference; lastKnownFileType = text.xcconfig; path = Release.xcconfig; sourceTree = "<group>"; };
		77DB74762CEFC74000693592 /* HomeViewModel.swift */ = {isa = PBXFileReference; lastKnownFileType = sourcecode.swift; path = HomeViewModel.swift; sourceTree = "<group>"; };
		77DB747A2CEFCDC600693592 /* HomeView.swift */ = {isa = PBXFileReference; lastKnownFileType = sourcecode.swift; path = HomeView.swift; sourceTree = "<group>"; };
		77DB747D2CF4A30500693592 /* ProfileView.swift */ = {isa = PBXFileReference; lastKnownFileType = sourcecode.swift; path = ProfileView.swift; sourceTree = "<group>"; };
		77DB74802CF4A82B00693592 /* SectionGridView.swift */ = {isa = PBXFileReference; lastKnownFileType = sourcecode.swift; path = SectionGridView.swift; sourceTree = "<group>"; };
		77DB74822CF4A88600693592 /* HorizontalScrollView.swift */ = {isa = PBXFileReference; lastKnownFileType = sourcecode.swift; path = HorizontalScrollView.swift; sourceTree = "<group>"; };
		77DB74842CF5919B00693592 /* GetAlbumsUseCase.swift */ = {isa = PBXFileReference; lastKnownFileType = sourcecode.swift; path = GetAlbumsUseCase.swift; sourceTree = "<group>"; };
		77DB74862CF591B700693592 /* GetUserProfileUseCase.swift */ = {isa = PBXFileReference; lastKnownFileType = sourcecode.swift; path = GetUserProfileUseCase.swift; sourceTree = "<group>"; };
		77DB74882CF5939700693592 /* UserProfileResponse.swift */ = {isa = PBXFileReference; lastKnownFileType = sourcecode.swift; path = UserProfileResponse.swift; sourceTree = "<group>"; };
		77DB748A2CF594C700693592 /* StorageKeys.swift */ = {isa = PBXFileReference; lastKnownFileType = sourcecode.swift; path = StorageKeys.swift; sourceTree = "<group>"; };
		77DB748C2CF61BA200693592 /* AlbumsObjectResponse.swift */ = {isa = PBXFileReference; lastKnownFileType = sourcecode.swift; path = AlbumsObjectResponse.swift; sourceTree = "<group>"; };
		77DB74902CF6D38700693592 /* AlbumItem.swift */ = {isa = PBXFileReference; lastKnownFileType = sourcecode.swift; path = AlbumItem.swift; sourceTree = "<group>"; };
		77DB74972CF6FD8300693592 /* ProfileViewModel.swift */ = {isa = PBXFileReference; lastKnownFileType = sourcecode.swift; path = ProfileViewModel.swift; sourceTree = "<group>"; };
		77DB749A2CF70E3C00693592 /* GetPlaylistsUseCase.swift */ = {isa = PBXFileReference; lastKnownFileType = sourcecode.swift; path = GetPlaylistsUseCase.swift; sourceTree = "<group>"; };
		77DB749C2CF70EF600693592 /* UserPlaylistsResponse.swift */ = {isa = PBXFileReference; lastKnownFileType = sourcecode.swift; path = UserPlaylistsResponse.swift; sourceTree = "<group>"; };
		77DB749E2CF7224000693592 /* PlayListDetailResponse.swift */ = {isa = PBXFileReference; lastKnownFileType = sourcecode.swift; path = PlayListDetailResponse.swift; sourceTree = "<group>"; };
		77DB74A12CF728EE00693592 /* HorizontalScrollViewUIModel.swift */ = {isa = PBXFileReference; lastKnownFileType = sourcecode.swift; path = HorizontalScrollViewUIModel.swift; sourceTree = "<group>"; };
		77DB74A72CF8306E00693592 /* SubModels.swift */ = {isa = PBXFileReference; lastKnownFileType = sourcecode.swift; path = SubModels.swift; sourceTree = "<group>"; };
		77EE44F92CE72E81004A7EAD /* Info.plist */ = {isa = PBXFileReference; lastKnownFileType = text.plist.xml; path = Info.plist; sourceTree = "<group>"; };
		77EE44FB2CE741AC004A7EAD /* Launch.swift */ = {isa = PBXFileReference; lastKnownFileType = sourcecode.swift; path = Launch.swift; sourceTree = "<group>"; };
		77EE44FE2CE741CE004A7EAD /* LoginView.swift */ = {isa = PBXFileReference; lastKnownFileType = sourcecode.swift; path = LoginView.swift; sourceTree = "<group>"; };
		77EE45052CE75F81004A7EAD /* WebView.swift */ = {isa = PBXFileReference; lastKnownFileType = sourcecode.swift; path = WebView.swift; sourceTree = "<group>"; };
		77EE45072CE7613A004A7EAD /* LoginViewModel.swift */ = {isa = PBXFileReference; lastKnownFileType = sourcecode.swift; path = LoginViewModel.swift; sourceTree = "<group>"; };
		77EE450C2CE77DFA004A7EAD /* KeyChainService.swift */ = {isa = PBXFileReference; lastKnownFileType = sourcecode.swift; path = KeyChainService.swift; sourceTree = "<group>"; };
		77EE450F2CE77F1E004A7EAD /* String+Extensions.swift */ = {isa = PBXFileReference; lastKnownFileType = sourcecode.swift; path = "String+Extensions.swift"; sourceTree = "<group>"; };
		77EE45112CE77F3B004A7EAD /* Data+Extensions.swift */ = {isa = PBXFileReference; lastKnownFileType = sourcecode.swift; path = "Data+Extensions.swift"; sourceTree = "<group>"; };
		77EE45132CE78309004A7EAD /* PsotifyTokenResponse.swift */ = {isa = PBXFileReference; lastKnownFileType = sourcecode.swift; path = PsotifyTokenResponse.swift; sourceTree = "<group>"; };
		77EE45152CE783DE004A7EAD /* Spotify+AuthErrors.swift */ = {isa = PBXFileReference; lastKnownFileType = sourcecode.swift; path = "Spotify+AuthErrors.swift"; sourceTree = "<group>"; };
		77EE45172CEA6ADB004A7EAD /* UserDefaultsService.swift */ = {isa = PBXFileReference; lastKnownFileType = sourcecode.swift; path = UserDefaultsService.swift; sourceTree = "<group>"; };
		77EE451C2CEB2979004A7EAD /* UserLoginState.swift */ = {isa = PBXFileReference; lastKnownFileType = sourcecode.swift; path = UserLoginState.swift; sourceTree = "<group>"; };
		77EE451F2CEB3456004A7EAD /* AuthUseCase.swift */ = {isa = PBXFileReference; lastKnownFileType = sourcecode.swift; path = AuthUseCase.swift; sourceTree = "<group>"; };
		77EE45212CEC8589004A7EAD /* ConfigurationSettings.swift */ = {isa = PBXFileReference; lastKnownFileType = sourcecode.swift; path = ConfigurationSettings.swift; sourceTree = "<group>"; };
		77EE45232CECA229004A7EAD /* ConfigurationProtocol.swift */ = {isa = PBXFileReference; lastKnownFileType = sourcecode.swift; path = ConfigurationProtocol.swift; sourceTree = "<group>"; };
/* End PBXFileReference section */

/* Begin PBXFrameworksBuildPhase section */
		777C60FA2CE6F4ED0085EF2F /* Frameworks */ = {
			isa = PBXFrameworksBuildPhase;
			buildActionMask = 2147483647;
			files = (
			);
			runOnlyForDeploymentPostprocessing = 0;
		};
		777C610A2CE6F4F30085EF2F /* Frameworks */ = {
			isa = PBXFrameworksBuildPhase;
			buildActionMask = 2147483647;
			files = (
			);
			runOnlyForDeploymentPostprocessing = 0;
		};
		777C61142CE6F4F30085EF2F /* Frameworks */ = {
			isa = PBXFrameworksBuildPhase;
			buildActionMask = 2147483647;
			files = (
			);
			runOnlyForDeploymentPostprocessing = 0;
		};
/* End PBXFrameworksBuildPhase section */

/* Begin PBXGroup section */
		772495FE2CFD94BD00211103 /* Search */ = {
			isa = PBXGroup;
			children = (
				772496072CFDF58100211103 /* Views */,
				772495FF2CFD94CF00211103 /* SearchView.swift */,
				772496012CFD94DB00211103 /* SearchViewModel.swift */,
			);
			path = Search;
			sourceTree = "<group>";
		};
		772496072CFDF58100211103 /* Views */ = {
			isa = PBXGroup;
			children = (
				772496082CFDF59000211103 /* SearchResultsView.swift */,
				7724960A2CFDF5D600211103 /* SearchErrorView.swift */,
				7724960C2CFDF5E100211103 /* SearchListViews.swift */,
			);
			path = Views;
			sourceTree = "<group>";
		};
		772496202D00F2AB00211103 /* LibraryView */ = {
			isa = PBXGroup;
			children = (
				772496232D015EE700211103 /* Views */,
				772496132CFF36AE00211103 /* LibraryView.swift */,
				772496152CFF36E900211103 /* LibraryViewModel.swift */,
			);
			path = LibraryView;
			sourceTree = "<group>";
		};
		772496232D015EE700211103 /* Views */ = {
			isa = PBXGroup;
			children = (
				772496212D00F2C300211103 /* TrackView.swift */,
			);
			path = Views;
			sourceTree = "<group>";
		};
		772496242D016E9600211103 /* Service */ = {
			isa = PBXGroup;
			children = (
				772496252D016EAA00211103 /* NetworkServiceTests.swift */,
				7724963A2D02B94F00211103 /* AppDIContainerTest.swift */,
			);
			path = Service;
			sourceTree = "<group>";
		};
		772496292D01CCB200211103 /* Models */ = {
			isa = PBXGroup;
			children = (
				772496362D01FCF300211103 /* PsotifyTokenResponse.json */,
				7724963F2D02F46700211103 /* UserProfileResponse.json */,
				772496502D04F78200211103 /* AlbumsResponse.json */,
				772496522D04F84700211103 /* AlbumItemResponse.json */,
				7724965A2D058B0400211103 /* PlaylistDetailResponse.json */,
				7724965C2D058B5600211103 /* UserPlaylistsResponse.json */,
				772496602D0590C200211103 /* SongResponse.json */,
				772496662D05A86800211103 /* UserTracksResponse.json */,
			);
			path = Models;
			sourceTree = "<group>";
		};
		7724962C2D01D30100211103 /* Helpers */ = {
			isa = PBXGroup;
			children = (
				772496272D01B8F300211103 /* URLProtocolStub.swift */,
				7724962D2D01D33500211103 /* DataParsingHelper.swift */,
				772496452D03311100211103 /* XCTestCase+Extension.swift */,
			);
			path = Helpers;
			sourceTree = "<group>";
		};
		7724963C2D02E7EA00211103 /* UseCases */ = {
			isa = PBXGroup;
			children = (
				772496542D04FF1600211103 /* BaseUseCaseTests.swift */,
				7724963D2D02E80B00211103 /* GetUserProfileUseCaseTest.swift */,
				7724964E2D04F5FC00211103 /* GetAlbumsUseCaseTest.swift */,
				772496472D0343E400211103 /* AuthUseCaseTest.swift */,
				772496582D058A6A00211103 /* GetPlaylistsUseCaseTest.swift */,
				7724965E2D05900700211103 /* GetSongUseCaseTest.swift */,
				772496622D059AB300211103 /* GetSearchResultUseCaseTest.swift */,
				772496642D05A71B00211103 /* GetUserSavedTracksUseCaseTest.swift */,
			);
			path = UseCases;
			sourceTree = "<group>";
		};
		772496492D0356B300211103 /* Mocks */ = {
			isa = PBXGroup;
			children = (
				7724964A2D0356C500211103 /* MockNetworkService.swift */,
				7724964C2D036CD100211103 /* MockKeyChainService.swift */,
				77143A452D074A6100884119 /* MockAuthUseCase.swift */,
			);
			path = Mocks;
			sourceTree = "<group>";
		};
		772496692D05BAD600211103 /* Scenes */ = {
			isa = PBXGroup;
			children = (
				7724966A2D05BAEE00211103 /* MainViewModelTest.swift */,
			);
			path = Scenes;
			sourceTree = "<group>";
		};
		774389B82CF87F7E00143C7D /* SkeletonView */ = {
			isa = PBXGroup;
			children = (
				774389B92CF87F9800143C7D /* SkeletonPlaceHolderView.swift */,
			);
			path = SkeletonView;
			sourceTree = "<group>";
		};
		774389BB2CF89D6200143C7D /* ErrorView */ = {
			isa = PBXGroup;
			children = (
				774389BC2CF89D6F00143C7D /* ErrorView.swift */,
			);
			path = ErrorView;
			sourceTree = "<group>";
		};
		774389C02CF8B01300143C7D /* AlbumDetailView */ = {
			isa = PBXGroup;
			children = (
				774389C12CF8B02600143C7D /* AlbumDetailView.swift */,
				774389C52CF8E24B00143C7D /* AlbumDetailViewModel.swift */,
			);
			path = AlbumDetailView;
			sourceTree = "<group>";
		};
		774389C92CF9FE1100143C7D /* SectionGridView */ = {
			isa = PBXGroup;
			children = (
				77DB74802CF4A82B00693592 /* SectionGridView.swift */,
				774389C72CF9FBB700143C7D /* SectionGridViewUIModel.swift */,
			);
			path = SectionGridView;
			sourceTree = "<group>";
		};
		774389CC2CFA0E6F00143C7D /* PlayerView */ = {
			isa = PBXGroup;
			children = (
				774389DC2CFC473600143C7D /* PlayerView.swift */,
				774389CD2CFA0E8400143C7D /* PlayerManager.swift */,
				774389D32CFA17D400143C7D /* PlayerViewModel.swift */,
				774389DE2CFC507500143C7D /* PlayerControlButtonView.swift */,
			);
			path = PlayerView;
			sourceTree = "<group>";
		};
		777C60F42CE6F4ED0085EF2F = {
			isa = PBXGroup;
			children = (
				777C60FF2CE6F4ED0085EF2F /* Psotify */,
				777C61102CE6F4F30085EF2F /* PsotifyTests */,
				777C611A2CE6F4F30085EF2F /* PsotifyUITests */,
				777C60FE2CE6F4ED0085EF2F /* Products */,
			);
			sourceTree = "<group>";
		};
		777C60FE2CE6F4ED0085EF2F /* Products */ = {
			isa = PBXGroup;
			children = (
				777C60FD2CE6F4ED0085EF2F /* Psotify.app */,
				777C610D2CE6F4F30085EF2F /* PsotifyTests.xctest */,
				777C61172CE6F4F30085EF2F /* PsotifyUITests.xctest */,
			);
			name = Products;
			sourceTree = "<group>";
		};
		777C60FF2CE6F4ED0085EF2F /* Psotify */ = {
			isa = PBXGroup;
			children = (
				777C61002CE6F4ED0085EF2F /* PsotifyApp.swift */,
				774389E82CFCBAE300143C7D /* PsotifyApp+Extension.swift */,
				777C614B2CE706BD0085EF2F /* Configurations */,
				77EE451E2CEB340D004A7EAD /* UseCases */,
				77EE45032CE75F5D004A7EAD /* Utilities */,
				777C61482CE701550085EF2F /* Resources */,
				777C613C2CE6FF130085EF2F /* Models */,
				777C61392CE6FEAD0085EF2F /* Service */,
				777C612E2CE6F9750085EF2F /* Helpers */,
				777C612A2CE6F8CC0085EF2F /* Scenes */,
				777C61062CE6F4F00085EF2F /* Preview Content */,
			);
			path = Psotify;
			sourceTree = "<group>";
		};
		777C61062CE6F4F00085EF2F /* Preview Content */ = {
			isa = PBXGroup;
			children = (
				777C61072CE6F4F00085EF2F /* Preview Assets.xcassets */,
			);
			path = "Preview Content";
			sourceTree = "<group>";
		};
		777C61102CE6F4F30085EF2F /* PsotifyTests */ = {
			isa = PBXGroup;
			children = (
				772496692D05BAD600211103 /* Scenes */,
				772496492D0356B300211103 /* Mocks */,
				7724963C2D02E7EA00211103 /* UseCases */,
				7724962C2D01D30100211103 /* Helpers */,
				772496292D01CCB200211103 /* Models */,
				772496242D016E9600211103 /* Service */,
				777C61112CE6F4F30085EF2F /* PsotifyTests.swift */,
			);
			path = PsotifyTests;
			sourceTree = "<group>";
		};
		777C611A2CE6F4F30085EF2F /* PsotifyUITests */ = {
			isa = PBXGroup;
			children = (
				777C611B2CE6F4F30085EF2F /* PsotifyUITests.swift */,
				777C611D2CE6F4F30085EF2F /* PsotifyUITestsLaunchTests.swift */,
			);
			path = PsotifyUITests;
			sourceTree = "<group>";
		};
		777C612A2CE6F8CC0085EF2F /* Scenes */ = {
			isa = PBXGroup;
			children = (
				772496202D00F2AB00211103 /* LibraryView */,
				772495FE2CFD94BD00211103 /* Search */,
				774389CC2CFA0E6F00143C7D /* PlayerView */,
				774389C02CF8B01300143C7D /* AlbumDetailView */,
				774389BB2CF89D6200143C7D /* ErrorView */,
				774389B82CF87F7E00143C7D /* SkeletonView */,
				77DB747C2CF4A2EF00693592 /* Profile */,
				77DB74732CEFC72100693592 /* Home */,
				77EE44FD2CE741B0004A7EAD /* Launch */,
				77EE44FA2CE74199004A7EAD /* Login */,
				777C612D2CE6F8F70085EF2F /* Main */,
			);
			path = Scenes;
			sourceTree = "<group>";
		};
		777C612D2CE6F8F70085EF2F /* Main */ = {
			isa = PBXGroup;
			children = (
				77DB74922CF6DEA200693592 /* TabbarView */,
				777C61022CE6F4ED0085EF2F /* MainView.swift */,
				777C61342CE6FB770085EF2F /* MainViewModel.swift */,
			);
			path = Main;
			sourceTree = "<group>";
		};
		777C612E2CE6F9750085EF2F /* Helpers */ = {
			isa = PBXGroup;
			children = (
				777C61362CE6FC680085EF2F /* Extensions */,
				777C61312CE6F9C60085EF2F /* Navigation */,
			);
			path = Helpers;
			sourceTree = "<group>";
		};
		777C61312CE6F9C60085EF2F /* Navigation */ = {
			isa = PBXGroup;
			children = (
				777C612F2CE6F9890085EF2F /* Navigation.swift */,
				777C61322CE6F9E10085EF2F /* Navigation+Modifier.swift */,
			);
			path = Navigation;
			sourceTree = "<group>";
		};
		777C61362CE6FC680085EF2F /* Extensions */ = {
			isa = PBXGroup;
			children = (
				777C61372CE6FC7D0085EF2F /* View+Extensions.swift */,
				77EE450F2CE77F1E004A7EAD /* String+Extensions.swift */,
				77EE45112CE77F3B004A7EAD /* Data+Extensions.swift */,
				77143A432D073C9C00884119 /* Task+Extensions.swift */,
			);
			path = Extensions;
			sourceTree = "<group>";
		};
		777C61392CE6FEAD0085EF2F /* Service */ = {
			isa = PBXGroup;
			children = (
				774389E42CFC7E9500143C7D /* AppDIContainer.swift */,
				774389D82CFB4DF800143C7D /* RequestBuilder.swift */,
				777C613A2CE6FEBC0085EF2F /* NetworkService.swift */,
				77EE450C2CE77DFA004A7EAD /* KeyChainService.swift */,
				77EE45172CEA6ADB004A7EAD /* UserDefaultsService.swift */,
				777C61452CE700F60085EF2F /* Endpoints */,
			);
			path = Service;
			sourceTree = "<group>";
		};
		777C613C2CE6FF130085EF2F /* Models */ = {
			isa = PBXGroup;
			children = (
				777C61402CE6FF6D0085EF2F /* Errors */,
				777C613E2CE6FF2D0085EF2F /* HTTPStatusCases.swift */,
				77EE45132CE78309004A7EAD /* PsotifyTokenResponse.swift */,
				77EE451C2CEB2979004A7EAD /* UserLoginState.swift */,
				77DB74882CF5939700693592 /* UserProfileResponse.swift */,
				77DB748A2CF594C700693592 /* StorageKeys.swift */,
				77DB748C2CF61BA200693592 /* AlbumsObjectResponse.swift */,
				77DB74902CF6D38700693592 /* AlbumItem.swift */,
				77DB749C2CF70EF600693592 /* UserPlaylistsResponse.swift */,
				77DB749E2CF7224000693592 /* PlayListDetailResponse.swift */,
				77DB74A72CF8306E00693592 /* SubModels.swift */,
				774389BE2CF8A28600143C7D /* ScreenState.swift */,
				774389D12CFA148F00143C7D /* SongResponse.swift */,
				772496052CFDD2B600211103 /* SearchResponse.swift */,
				7724961E2D00E94900211103 /* UserTracksResponse.swift */,
			);
			path = Models;
			sourceTree = "<group>";
		};
		777C61402CE6FF6D0085EF2F /* Errors */ = {
			isa = PBXGroup;
			children = (
				777C61412CE6FF7B0085EF2F /* NetworkServiceErrors.swift */,
				777C61432CE6FFB50085EF2F /* ErrorResponse.swift */,
				77EE45152CE783DE004A7EAD /* Spotify+AuthErrors.swift */,
			);
			path = Errors;
			sourceTree = "<group>";
		};
		777C61452CE700F60085EF2F /* Endpoints */ = {
			isa = PBXGroup;
			children = (
				777C61462CE701120085EF2F /* Psotify+Endpoints.swift */,
				774389DA2CFB5EF900143C7D /* RequestFactory.swift */,
			);
			path = Endpoints;
			sourceTree = "<group>";
		};
		777C61482CE701550085EF2F /* Resources */ = {
			isa = PBXGroup;
			children = (
				774389E62CFC82CF00143C7D /* piano.mp3 */,
				777C61042CE6F4F00085EF2F /* Assets.xcassets */,
				77EE45002CE74819004A7EAD /* Images */,
				77EE44F92CE72E81004A7EAD /* Info.plist */,
			);
			path = Resources;
			sourceTree = "<group>";
		};
		777C614B2CE706BD0085EF2F /* Configurations */ = {
			isa = PBXGroup;
			children = (
				777C614C2CE706E70085EF2F /* Debug.xcconfig */,
				777C614D2CE706FA0085EF2F /* Release.xcconfig */,
				77EE45212CEC8589004A7EAD /* ConfigurationSettings.swift */,
				77EE45232CECA229004A7EAD /* ConfigurationProtocol.swift */,
			);
			path = Configurations;
			sourceTree = "<group>";
		};
		77DB74732CEFC72100693592 /* Home */ = {
			isa = PBXGroup;
			children = (
				77DB747F2CF4A81600693592 /* Views */,
				77DB747A2CEFCDC600693592 /* HomeView.swift */,
				77DB74762CEFC74000693592 /* HomeViewModel.swift */,
			);
			path = Home;
			sourceTree = "<group>";
		};
		77DB747C2CF4A2EF00693592 /* Profile */ = {
			isa = PBXGroup;
			children = (
				77DB747D2CF4A30500693592 /* ProfileView.swift */,
				77DB74972CF6FD8300693592 /* ProfileViewModel.swift */,
			);
			path = Profile;
			sourceTree = "<group>";
		};
		77DB747F2CF4A81600693592 /* Views */ = {
			isa = PBXGroup;
			children = (
				774389C92CF9FE1100143C7D /* SectionGridView */,
				77DB74A02CF728D900693592 /* HorizontalScrollView */,
			);
			path = Views;
			sourceTree = "<group>";
		};
		77DB74922CF6DEA200693592 /* TabbarView */ = {
			isa = PBXGroup;
			children = (
				777C612B2CE6F8E10085EF2F /* TabbarView.swift */,
			);
			path = TabbarView;
			sourceTree = "<group>";
		};
		77DB74A02CF728D900693592 /* HorizontalScrollView */ = {
			isa = PBXGroup;
			children = (
				77DB74822CF4A88600693592 /* HorizontalScrollView.swift */,
				77DB74A12CF728EE00693592 /* HorizontalScrollViewUIModel.swift */,
			);
			path = HorizontalScrollView;
			sourceTree = "<group>";
		};
		77EE44FA2CE74199004A7EAD /* Login */ = {
			isa = PBXGroup;
			children = (
				77EE44FE2CE741CE004A7EAD /* LoginView.swift */,
				77EE45072CE7613A004A7EAD /* LoginViewModel.swift */,
			);
			path = Login;
			sourceTree = "<group>";
		};
		77EE44FD2CE741B0004A7EAD /* Launch */ = {
			isa = PBXGroup;
			children = (
				77EE44FB2CE741AC004A7EAD /* Launch.swift */,
			);
			path = Launch;
			sourceTree = "<group>";
		};
		77EE45002CE74819004A7EAD /* Images */ = {
			isa = PBXGroup;
			children = (
			);
			path = Images;
			sourceTree = "<group>";
		};
		77EE45032CE75F5D004A7EAD /* Utilities */ = {
			isa = PBXGroup;
			children = (
				77EE45042CE75F6D004A7EAD /* ViewRepresentables */,
			);
			path = Utilities;
			sourceTree = "<group>";
		};
		77EE45042CE75F6D004A7EAD /* ViewRepresentables */ = {
			isa = PBXGroup;
			children = (
				77EE45052CE75F81004A7EAD /* WebView.swift */,
			);
			path = ViewRepresentables;
			sourceTree = "<group>";
		};
		77EE451E2CEB340D004A7EAD /* UseCases */ = {
			isa = PBXGroup;
			children = (
				77EE451F2CEB3456004A7EAD /* AuthUseCase.swift */,
				77DB74842CF5919B00693592 /* GetAlbumsUseCase.swift */,
				77DB74862CF591B700693592 /* GetUserProfileUseCase.swift */,
				77DB749A2CF70E3C00693592 /* GetPlaylistsUseCase.swift */,
				774389CF2CFA136400143C7D /* GetSongUseCase.swift */,
				772496032CFDD20400211103 /* GetSearchResultUseCase.swift */,
				7724961A2D00AE0300211103 /* GetUserTopTracksUseCase.swift */,
			);
			path = UseCases;
			sourceTree = "<group>";
		};
/* End PBXGroup section */

/* Begin PBXNativeTarget section */
		777C60FC2CE6F4ED0085EF2F /* Psotify */ = {
			isa = PBXNativeTarget;
			buildConfigurationList = 777C61212CE6F4F30085EF2F /* Build configuration list for PBXNativeTarget "Psotify" */;
			buildPhases = (
				777C60F92CE6F4ED0085EF2F /* Sources */,
				777C60FA2CE6F4ED0085EF2F /* Frameworks */,
				777C60FB2CE6F4ED0085EF2F /* Resources */,
			);
			buildRules = (
			);
			dependencies = (
			);
			name = Psotify;
			productName = Psotify;
			productReference = 777C60FD2CE6F4ED0085EF2F /* Psotify.app */;
			productType = "com.apple.product-type.application";
		};
		777C610C2CE6F4F30085EF2F /* PsotifyTests */ = {
			isa = PBXNativeTarget;
			buildConfigurationList = 777C61242CE6F4F30085EF2F /* Build configuration list for PBXNativeTarget "PsotifyTests" */;
			buildPhases = (
				777C61092CE6F4F30085EF2F /* Sources */,
				777C610A2CE6F4F30085EF2F /* Frameworks */,
				777C610B2CE6F4F30085EF2F /* Resources */,
			);
			buildRules = (
			);
			dependencies = (
				777C610F2CE6F4F30085EF2F /* PBXTargetDependency */,
			);
			name = PsotifyTests;
			productName = PsotifyTests;
			productReference = 777C610D2CE6F4F30085EF2F /* PsotifyTests.xctest */;
			productType = "com.apple.product-type.bundle.unit-test";
		};
		777C61162CE6F4F30085EF2F /* PsotifyUITests */ = {
			isa = PBXNativeTarget;
			buildConfigurationList = 777C61272CE6F4F30085EF2F /* Build configuration list for PBXNativeTarget "PsotifyUITests" */;
			buildPhases = (
				777C61132CE6F4F30085EF2F /* Sources */,
				777C61142CE6F4F30085EF2F /* Frameworks */,
				777C61152CE6F4F30085EF2F /* Resources */,
			);
			buildRules = (
			);
			dependencies = (
				777C61192CE6F4F30085EF2F /* PBXTargetDependency */,
			);
			name = PsotifyUITests;
			productName = PsotifyUITests;
			productReference = 777C61172CE6F4F30085EF2F /* PsotifyUITests.xctest */;
			productType = "com.apple.product-type.bundle.ui-testing";
		};
/* End PBXNativeTarget section */

/* Begin PBXProject section */
		777C60F52CE6F4ED0085EF2F /* Project object */ = {
			isa = PBXProject;
			attributes = {
				BuildIndependentTargetsInParallel = 1;
				LastSwiftUpdateCheck = 1540;
				LastUpgradeCheck = 1540;
				TargetAttributes = {
					777C60FC2CE6F4ED0085EF2F = {
						CreatedOnToolsVersion = 15.4;
					};
					777C610C2CE6F4F30085EF2F = {
						CreatedOnToolsVersion = 15.4;
						TestTargetID = 777C60FC2CE6F4ED0085EF2F;
					};
					777C61162CE6F4F30085EF2F = {
						CreatedOnToolsVersion = 15.4;
						TestTargetID = 777C60FC2CE6F4ED0085EF2F;
					};
				};
			};
			buildConfigurationList = 777C60F82CE6F4ED0085EF2F /* Build configuration list for PBXProject "Psotify" */;
			compatibilityVersion = "Xcode 14.0";
			developmentRegion = en;
			hasScannedForEncodings = 0;
			knownRegions = (
				en,
				Base,
			);
			mainGroup = 777C60F42CE6F4ED0085EF2F;
			productRefGroup = 777C60FE2CE6F4ED0085EF2F /* Products */;
			projectDirPath = "";
			projectRoot = "";
			targets = (
				777C60FC2CE6F4ED0085EF2F /* Psotify */,
				777C610C2CE6F4F30085EF2F /* PsotifyTests */,
				777C61162CE6F4F30085EF2F /* PsotifyUITests */,
			);
		};
/* End PBXProject section */

/* Begin PBXResourcesBuildPhase section */
		777C60FB2CE6F4ED0085EF2F /* Resources */ = {
			isa = PBXResourcesBuildPhase;
			buildActionMask = 2147483647;
			files = (
				777C61082CE6F4F00085EF2F /* Preview Assets.xcassets in Resources */,
				777C61052CE6F4F00085EF2F /* Assets.xcassets in Resources */,
				774389E72CFC82CF00143C7D /* piano.mp3 in Resources */,
			);
			runOnlyForDeploymentPostprocessing = 0;
		};
		777C610B2CE6F4F30085EF2F /* Resources */ = {
			isa = PBXResourcesBuildPhase;
			buildActionMask = 2147483647;
			files = (
				772496392D01FDAA00211103 /* PsotifyTokenResponse.json in Resources */,
				772496532D04F84700211103 /* AlbumItemResponse.json in Resources */,
				7724965B2D058B0400211103 /* PlaylistDetailResponse.json in Resources */,
				772496422D031D4700211103 /* UserProfileResponse.json in Resources */,
				772496612D0590C200211103 /* SongResponse.json in Resources */,
				772496672D05A86800211103 /* UserTracksResponse.json in Resources */,
				772496512D04F78200211103 /* AlbumsResponse.json in Resources */,
				7724965D2D058B5600211103 /* UserPlaylistsResponse.json in Resources */,
			);
			runOnlyForDeploymentPostprocessing = 0;
		};
		777C61152CE6F4F30085EF2F /* Resources */ = {
			isa = PBXResourcesBuildPhase;
			buildActionMask = 2147483647;
			files = (
			);
			runOnlyForDeploymentPostprocessing = 0;
		};
/* End PBXResourcesBuildPhase section */

/* Begin PBXSourcesBuildPhase section */
		777C60F92CE6F4ED0085EF2F /* Sources */ = {
			isa = PBXSourcesBuildPhase;
			buildActionMask = 2147483647;
			files = (
				777C61332CE6F9E10085EF2F /* Navigation+Modifier.swift in Sources */,
				77EE45102CE77F1E004A7EAD /* String+Extensions.swift in Sources */,
				774389DD2CFC473600143C7D /* PlayerView.swift in Sources */,
				777C612C2CE6F8E10085EF2F /* TabbarView.swift in Sources */,
				774389DF2CFC507500143C7D /* PlayerControlButtonView.swift in Sources */,
				77EE45222CEC8589004A7EAD /* ConfigurationSettings.swift in Sources */,
				77DB74A82CF8306E00693592 /* SubModels.swift in Sources */,
				77DB749F2CF7224000693592 /* PlayListDetailResponse.swift in Sources */,
				77EE45182CEA6ADB004A7EAD /* UserDefaultsService.swift in Sources */,
				777C613F2CE6FF2D0085EF2F /* HTTPStatusCases.swift in Sources */,
				774389E52CFC7E9500143C7D /* AppDIContainer.swift in Sources */,
				77DB74982CF6FD8300693592 /* ProfileViewModel.swift in Sources */,
				777C61472CE701120085EF2F /* Psotify+Endpoints.swift in Sources */,
				77DB74A22CF728EE00693592 /* HorizontalScrollViewUIModel.swift in Sources */,
				77EE44FC2CE741AC004A7EAD /* Launch.swift in Sources */,
				777C613B2CE6FEBC0085EF2F /* NetworkService.swift in Sources */,
				77DB749B2CF70E3C00693592 /* GetPlaylistsUseCase.swift in Sources */,
				772496002CFD94CF00211103 /* SearchView.swift in Sources */,
				774389C82CF9FBB700143C7D /* SectionGridViewUIModel.swift in Sources */,
				77DB74832CF4A88600693592 /* HorizontalScrollView.swift in Sources */,
				772496062CFDD2B600211103 /* SearchResponse.swift in Sources */,
				7724961B2D00AE0300211103 /* GetUserTopTracksUseCase.swift in Sources */,
				774389DB2CFB5EF900143C7D /* RequestFactory.swift in Sources */,
				774389C22CF8B02600143C7D /* AlbumDetailView.swift in Sources */,
				77EE44FF2CE741CE004A7EAD /* LoginView.swift in Sources */,
				774389D02CFA136400143C7D /* GetSongUseCase.swift in Sources */,
				772496022CFD94DB00211103 /* SearchViewModel.swift in Sources */,
				77EE450D2CE77DFA004A7EAD /* KeyChainService.swift in Sources */,
				77DB74812CF4A82B00693592 /* SectionGridView.swift in Sources */,
				77EE45142CE78309004A7EAD /* PsotifyTokenResponse.swift in Sources */,
				77DB747B2CEFCDC600693592 /* HomeView.swift in Sources */,
				777C61032CE6F4ED0085EF2F /* MainView.swift in Sources */,
				77EE45082CE7613A004A7EAD /* LoginViewModel.swift in Sources */,
				772496042CFDD20400211103 /* GetSearchResultUseCase.swift in Sources */,
				774389CE2CFA0E8400143C7D /* PlayerManager.swift in Sources */,
				77DB74772CEFC74000693592 /* HomeViewModel.swift in Sources */,
				7724960B2CFDF5D600211103 /* SearchErrorView.swift in Sources */,
				77EE45202CEB3456004A7EAD /* AuthUseCase.swift in Sources */,
				77EE451D2CEB2979004A7EAD /* UserLoginState.swift in Sources */,
				77DB749D2CF70EF600693592 /* UserPlaylistsResponse.swift in Sources */,
				777C61422CE6FF7B0085EF2F /* NetworkServiceErrors.swift in Sources */,
				774389C62CF8E24B00143C7D /* AlbumDetailViewModel.swift in Sources */,
				774389E92CFCBAE300143C7D /* PsotifyApp+Extension.swift in Sources */,
				774389D42CFA17D400143C7D /* PlayerViewModel.swift in Sources */,
				774389D22CFA148F00143C7D /* SongResponse.swift in Sources */,
				77DB74892CF5939700693592 /* UserProfileResponse.swift in Sources */,
				77143A442D073C9C00884119 /* Task+Extensions.swift in Sources */,
				774389BA2CF87F9800143C7D /* SkeletonPlaceHolderView.swift in Sources */,
				777C61382CE6FC7D0085EF2F /* View+Extensions.swift in Sources */,
				7724960D2CFDF5E100211103 /* SearchListViews.swift in Sources */,
				774389D92CFB4DF800143C7D /* RequestBuilder.swift in Sources */,
				77DB74852CF5919B00693592 /* GetAlbumsUseCase.swift in Sources */,
				774389BD2CF89D6F00143C7D /* ErrorView.swift in Sources */,
				772496162CFF36E900211103 /* LibraryViewModel.swift in Sources */,
				77EE45062CE75F81004A7EAD /* WebView.swift in Sources */,
				774389BF2CF8A28600143C7D /* ScreenState.swift in Sources */,
				777C61012CE6F4ED0085EF2F /* PsotifyApp.swift in Sources */,
				77DB747E2CF4A30500693592 /* ProfileView.swift in Sources */,
				772496222D00F2C300211103 /* TrackView.swift in Sources */,
				777C61442CE6FFB50085EF2F /* ErrorResponse.swift in Sources */,
				77DB748B2CF594C700693592 /* StorageKeys.swift in Sources */,
				77EE45162CE783DE004A7EAD /* Spotify+AuthErrors.swift in Sources */,
				77DB748D2CF61BA200693592 /* AlbumsObjectResponse.swift in Sources */,
				772496142CFF36AE00211103 /* LibraryView.swift in Sources */,
				77DB74912CF6D38700693592 /* AlbumItem.swift in Sources */,
				77EE45242CECA229004A7EAD /* ConfigurationProtocol.swift in Sources */,
				77EE45122CE77F3B004A7EAD /* Data+Extensions.swift in Sources */,
				77DB74872CF591B700693592 /* GetUserProfileUseCase.swift in Sources */,
				772496092CFDF59000211103 /* SearchResultsView.swift in Sources */,
				777C61302CE6F9890085EF2F /* Navigation.swift in Sources */,
				777C61352CE6FB770085EF2F /* MainViewModel.swift in Sources */,
				7724961F2D00E94900211103 /* UserTracksResponse.swift in Sources */,
			);
			runOnlyForDeploymentPostprocessing = 0;
		};
		777C61092CE6F4F30085EF2F /* Sources */ = {
			isa = PBXSourcesBuildPhase;
			buildActionMask = 2147483647;
			files = (
				7724963B2D02B94F00211103 /* AppDIContainerTest.swift in Sources */,
				772496482D0343E400211103 /* AuthUseCaseTest.swift in Sources */,
				772496632D059AB300211103 /* GetSearchResultUseCaseTest.swift in Sources */,
				77143A462D074A6100884119 /* MockAuthUseCase.swift in Sources */,
				772496552D04FF1600211103 /* BaseUseCaseTests.swift in Sources */,
				7724964F2D04F5FC00211103 /* GetAlbumsUseCaseTest.swift in Sources */,
				7724964B2D0356C500211103 /* MockNetworkService.swift in Sources */,
				7724963E2D02E80B00211103 /* GetUserProfileUseCaseTest.swift in Sources */,
				7724965F2D05900700211103 /* GetSongUseCaseTest.swift in Sources */,
				772496262D016EAA00211103 /* NetworkServiceTests.swift in Sources */,
				772496462D03311100211103 /* XCTestCase+Extension.swift in Sources */,
				7724964D2D036CD100211103 /* MockKeyChainService.swift in Sources */,
				772496592D058A6A00211103 /* GetPlaylistsUseCaseTest.swift in Sources */,
				7724966B2D05BAEE00211103 /* MainViewModelTest.swift in Sources */,
				7724962E2D01D33500211103 /* DataParsingHelper.swift in Sources */,
				772496282D01B8F400211103 /* URLProtocolStub.swift in Sources */,
				772496652D05A71B00211103 /* GetUserSavedTracksUseCaseTest.swift in Sources */,
				777C61122CE6F4F30085EF2F /* PsotifyTests.swift in Sources */,
			);
			runOnlyForDeploymentPostprocessing = 0;
		};
		777C61132CE6F4F30085EF2F /* Sources */ = {
			isa = PBXSourcesBuildPhase;
			buildActionMask = 2147483647;
			files = (
				777C611C2CE6F4F30085EF2F /* PsotifyUITests.swift in Sources */,
				777C611E2CE6F4F30085EF2F /* PsotifyUITestsLaunchTests.swift in Sources */,
			);
			runOnlyForDeploymentPostprocessing = 0;
		};
/* End PBXSourcesBuildPhase section */

/* Begin PBXTargetDependency section */
		777C610F2CE6F4F30085EF2F /* PBXTargetDependency */ = {
			isa = PBXTargetDependency;
			target = 777C60FC2CE6F4ED0085EF2F /* Psotify */;
			targetProxy = 777C610E2CE6F4F30085EF2F /* PBXContainerItemProxy */;
		};
		777C61192CE6F4F30085EF2F /* PBXTargetDependency */ = {
			isa = PBXTargetDependency;
			target = 777C60FC2CE6F4ED0085EF2F /* Psotify */;
			targetProxy = 777C61182CE6F4F30085EF2F /* PBXContainerItemProxy */;
		};
/* End PBXTargetDependency section */

/* Begin XCBuildConfiguration section */
		777C611F2CE6F4F30085EF2F /* Debug */ = {
			isa = XCBuildConfiguration;
			baseConfigurationReference = 777C614C2CE706E70085EF2F /* Debug.xcconfig */;
			buildSettings = {
				ALWAYS_SEARCH_USER_PATHS = NO;
				ASSETCATALOG_COMPILER_GENERATE_SWIFT_ASSET_SYMBOL_EXTENSIONS = YES;
				CLANG_ANALYZER_NONNULL = YES;
				CLANG_ANALYZER_NUMBER_OBJECT_CONVERSION = YES_AGGRESSIVE;
				CLANG_CXX_LANGUAGE_STANDARD = "gnu++20";
				CLANG_ENABLE_MODULES = YES;
				CLANG_ENABLE_OBJC_ARC = YES;
				CLANG_ENABLE_OBJC_WEAK = YES;
				CLANG_WARN_BLOCK_CAPTURE_AUTORELEASING = YES;
				CLANG_WARN_BOOL_CONVERSION = YES;
				CLANG_WARN_COMMA = YES;
				CLANG_WARN_CONSTANT_CONVERSION = YES;
				CLANG_WARN_DEPRECATED_OBJC_IMPLEMENTATIONS = YES;
				CLANG_WARN_DIRECT_OBJC_ISA_USAGE = YES_ERROR;
				CLANG_WARN_DOCUMENTATION_COMMENTS = YES;
				CLANG_WARN_EMPTY_BODY = YES;
				CLANG_WARN_ENUM_CONVERSION = YES;
				CLANG_WARN_INFINITE_RECURSION = YES;
				CLANG_WARN_INT_CONVERSION = YES;
				CLANG_WARN_NON_LITERAL_NULL_CONVERSION = YES;
				CLANG_WARN_OBJC_IMPLICIT_RETAIN_SELF = YES;
				CLANG_WARN_OBJC_LITERAL_CONVERSION = YES;
				CLANG_WARN_OBJC_ROOT_CLASS = YES_ERROR;
				CLANG_WARN_QUOTED_INCLUDE_IN_FRAMEWORK_HEADER = YES;
				CLANG_WARN_RANGE_LOOP_ANALYSIS = YES;
				CLANG_WARN_STRICT_PROTOTYPES = YES;
				CLANG_WARN_SUSPICIOUS_MOVE = YES;
				CLANG_WARN_UNGUARDED_AVAILABILITY = YES_AGGRESSIVE;
				CLANG_WARN_UNREACHABLE_CODE = YES;
				CLANG_WARN__DUPLICATE_METHOD_MATCH = YES;
				COPY_PHASE_STRIP = NO;
				DEBUG_INFORMATION_FORMAT = dwarf;
				ENABLE_STRICT_OBJC_MSGSEND = YES;
				ENABLE_TESTABILITY = YES;
				ENABLE_USER_SCRIPT_SANDBOXING = YES;
				GCC_C_LANGUAGE_STANDARD = gnu17;
				GCC_DYNAMIC_NO_PIC = NO;
				GCC_NO_COMMON_BLOCKS = YES;
				GCC_OPTIMIZATION_LEVEL = 0;
				GCC_PREPROCESSOR_DEFINITIONS = (
					"DEBUG=1",
					"$(inherited)",
				);
				GCC_WARN_64_TO_32_BIT_CONVERSION = YES;
				GCC_WARN_ABOUT_RETURN_TYPE = YES_ERROR;
				GCC_WARN_UNDECLARED_SELECTOR = YES;
				GCC_WARN_UNINITIALIZED_AUTOS = YES_AGGRESSIVE;
				GCC_WARN_UNUSED_FUNCTION = YES;
				GCC_WARN_UNUSED_VARIABLE = YES;
				INFOPLIST_FILE = Psotify/Resources/Info.plist;
				IPHONEOS_DEPLOYMENT_TARGET = 17.5;
				LOCALIZATION_PREFERS_STRING_CATALOGS = YES;
				MTL_ENABLE_DEBUG_INFO = INCLUDE_SOURCE;
				MTL_FAST_MATH = YES;
				ONLY_ACTIVE_ARCH = YES;
				PRODUCT_NAME = Psotify;
				SDKROOT = iphoneos;
				SWIFT_ACTIVE_COMPILATION_CONDITIONS = "DEBUG $(inherited)";
				SWIFT_OPTIMIZATION_LEVEL = "-Onone";
			};
			name = Debug;
		};
		777C61202CE6F4F30085EF2F /* Release */ = {
			isa = XCBuildConfiguration;
			baseConfigurationReference = 777C614D2CE706FA0085EF2F /* Release.xcconfig */;
			buildSettings = {
				ALWAYS_SEARCH_USER_PATHS = NO;
				ASSETCATALOG_COMPILER_GENERATE_SWIFT_ASSET_SYMBOL_EXTENSIONS = YES;
				CLANG_ANALYZER_NONNULL = YES;
				CLANG_ANALYZER_NUMBER_OBJECT_CONVERSION = YES_AGGRESSIVE;
				CLANG_CXX_LANGUAGE_STANDARD = "gnu++20";
				CLANG_ENABLE_MODULES = YES;
				CLANG_ENABLE_OBJC_ARC = YES;
				CLANG_ENABLE_OBJC_WEAK = YES;
				CLANG_WARN_BLOCK_CAPTURE_AUTORELEASING = YES;
				CLANG_WARN_BOOL_CONVERSION = YES;
				CLANG_WARN_COMMA = YES;
				CLANG_WARN_CONSTANT_CONVERSION = YES;
				CLANG_WARN_DEPRECATED_OBJC_IMPLEMENTATIONS = YES;
				CLANG_WARN_DIRECT_OBJC_ISA_USAGE = YES_ERROR;
				CLANG_WARN_DOCUMENTATION_COMMENTS = YES;
				CLANG_WARN_EMPTY_BODY = YES;
				CLANG_WARN_ENUM_CONVERSION = YES;
				CLANG_WARN_INFINITE_RECURSION = YES;
				CLANG_WARN_INT_CONVERSION = YES;
				CLANG_WARN_NON_LITERAL_NULL_CONVERSION = YES;
				CLANG_WARN_OBJC_IMPLICIT_RETAIN_SELF = YES;
				CLANG_WARN_OBJC_LITERAL_CONVERSION = YES;
				CLANG_WARN_OBJC_ROOT_CLASS = YES_ERROR;
				CLANG_WARN_QUOTED_INCLUDE_IN_FRAMEWORK_HEADER = YES;
				CLANG_WARN_RANGE_LOOP_ANALYSIS = YES;
				CLANG_WARN_STRICT_PROTOTYPES = YES;
				CLANG_WARN_SUSPICIOUS_MOVE = YES;
				CLANG_WARN_UNGUARDED_AVAILABILITY = YES_AGGRESSIVE;
				CLANG_WARN_UNREACHABLE_CODE = YES;
				CLANG_WARN__DUPLICATE_METHOD_MATCH = YES;
				COPY_PHASE_STRIP = NO;
				DEBUG_INFORMATION_FORMAT = "dwarf-with-dsym";
				ENABLE_NS_ASSERTIONS = NO;
				ENABLE_STRICT_OBJC_MSGSEND = YES;
				ENABLE_USER_SCRIPT_SANDBOXING = YES;
				GCC_C_LANGUAGE_STANDARD = gnu17;
				GCC_NO_COMMON_BLOCKS = YES;
				GCC_WARN_64_TO_32_BIT_CONVERSION = YES;
				GCC_WARN_ABOUT_RETURN_TYPE = YES_ERROR;
				GCC_WARN_UNDECLARED_SELECTOR = YES;
				GCC_WARN_UNINITIALIZED_AUTOS = YES_AGGRESSIVE;
				GCC_WARN_UNUSED_FUNCTION = YES;
				GCC_WARN_UNUSED_VARIABLE = YES;
				INFOPLIST_FILE = Psotify/Resources/Info.plist;
				IPHONEOS_DEPLOYMENT_TARGET = 17.5;
				LOCALIZATION_PREFERS_STRING_CATALOGS = YES;
				MTL_ENABLE_DEBUG_INFO = NO;
				MTL_FAST_MATH = YES;
				PRODUCT_NAME = Psotify;
				SDKROOT = iphoneos;
				SWIFT_COMPILATION_MODE = wholemodule;
				VALIDATE_PRODUCT = YES;
			};
			name = Release;
		};
		777C61222CE6F4F30085EF2F /* Debug */ = {
			isa = XCBuildConfiguration;
			baseConfigurationReference = 777C614C2CE706E70085EF2F /* Debug.xcconfig */;
			buildSettings = {
				ASSETCATALOG_COMPILER_APPICON_NAME = AppIcon;
				ASSETCATALOG_COMPILER_GLOBAL_ACCENT_COLOR_NAME = AccentColor;
				CODE_SIGN_STYLE = Automatic;
				CURRENT_PROJECT_VERSION = 1.0.1;
				DEVELOPMENT_ASSET_PATHS = "\"Psotify/Preview Content\"";
				ENABLE_PREVIEWS = YES;
				GENERATE_INFOPLIST_FILE = YES;
				INFOPLIST_FILE = Psotify/Resources/Info.plist;
				INFOPLIST_KEY_UIApplicationSceneManifest_Generation = YES;
				INFOPLIST_KEY_UIApplicationSupportsIndirectInputEvents = YES;
				INFOPLIST_KEY_UILaunchScreen_Generation = YES;
				INFOPLIST_KEY_UISupportedInterfaceOrientations = "UIInterfaceOrientationPortrait UIInterfaceOrientationPortraitUpsideDown";
				LD_RUNPATH_SEARCH_PATHS = (
					"$(inherited)",
					"@executable_path/Frameworks",
				);
				MARKETING_VERSION = 1.0.1;
				PRODUCT_BUNDLE_IDENTIFIER = knturn.Psotify;
				PRODUCT_NAME = "$(TARGET_NAME)";
				SWIFT_EMIT_LOC_STRINGS = YES;
				SWIFT_VERSION = 5.0;
				TARGETED_DEVICE_FAMILY = "1,2";
			};
			name = Debug;
		};
		777C61232CE6F4F30085EF2F /* Release */ = {
			isa = XCBuildConfiguration;
			buildSettings = {
				ASSETCATALOG_COMPILER_APPICON_NAME = AppIcon;
				ASSETCATALOG_COMPILER_GLOBAL_ACCENT_COLOR_NAME = AccentColor;
				CODE_SIGN_STYLE = Automatic;
				CURRENT_PROJECT_VERSION = 1.0.1;
				DEVELOPMENT_ASSET_PATHS = "\"Psotify/Preview Content\"";
				ENABLE_PREVIEWS = YES;
				GENERATE_INFOPLIST_FILE = YES;
				INFOPLIST_FILE = Psotify/Resources/Info.plist;
				INFOPLIST_KEY_UIApplicationSceneManifest_Generation = YES;
				INFOPLIST_KEY_UIApplicationSupportsIndirectInputEvents = YES;
				INFOPLIST_KEY_UILaunchScreen_Generation = YES;
				INFOPLIST_KEY_UISupportedInterfaceOrientations = "UIInterfaceOrientationPortrait UIInterfaceOrientationPortraitUpsideDown";
				LD_RUNPATH_SEARCH_PATHS = (
					"$(inherited)",
					"@executable_path/Frameworks",
				);
				MARKETING_VERSION = 1.0.1;
				PRODUCT_BUNDLE_IDENTIFIER = knturn.Psotify;
				PRODUCT_NAME = "$(TARGET_NAME)";
				SWIFT_EMIT_LOC_STRINGS = YES;
				SWIFT_VERSION = 5.0;
				TARGETED_DEVICE_FAMILY = "1,2";
			};
			name = Release;
		};
		777C61252CE6F4F30085EF2F /* Debug */ = {
			isa = XCBuildConfiguration;
			baseConfigurationReference = 777C614C2CE706E70085EF2F /* Debug.xcconfig */;
			buildSettings = {
				ALWAYS_EMBED_SWIFT_STANDARD_LIBRARIES = YES;
				BUNDLE_LOADER = "$(TEST_HOST)";
				CODE_SIGN_STYLE = Automatic;
				CURRENT_PROJECT_VERSION = 1;
				GENERATE_INFOPLIST_FILE = YES;
				IPHONEOS_DEPLOYMENT_TARGET = 17.5;
				MARKETING_VERSION = 1.0;
				PRODUCT_BUNDLE_IDENTIFIER = knturn.PsotifyTests;
				PRODUCT_NAME = "$(TARGET_NAME)";
				SWIFT_EMIT_LOC_STRINGS = NO;
				SWIFT_VERSION = 5.0;
				TARGETED_DEVICE_FAMILY = "1,2";
				TEST_HOST = "$(BUILT_PRODUCTS_DIR)/Psotify.app/$(BUNDLE_EXECUTABLE_FOLDER_PATH)/Psotify";
			};
			name = Debug;
		};
		777C61262CE6F4F30085EF2F /* Release */ = {
			isa = XCBuildConfiguration;
			buildSettings = {
				ALWAYS_EMBED_SWIFT_STANDARD_LIBRARIES = YES;
				BUNDLE_LOADER = "$(TEST_HOST)";
				CODE_SIGN_STYLE = Automatic;
				CURRENT_PROJECT_VERSION = 1;
				GENERATE_INFOPLIST_FILE = YES;
				IPHONEOS_DEPLOYMENT_TARGET = 17.5;
				MARKETING_VERSION = 1.0;
				PRODUCT_BUNDLE_IDENTIFIER = knturn.PsotifyTests;
				PRODUCT_NAME = "$(TARGET_NAME)";
				SWIFT_EMIT_LOC_STRINGS = NO;
				SWIFT_VERSION = 5.0;
				TARGETED_DEVICE_FAMILY = "1,2";
				TEST_HOST = "$(BUILT_PRODUCTS_DIR)/Psotify.app/$(BUNDLE_EXECUTABLE_FOLDER_PATH)/Psotify";
			};
			name = Release;
		};
		777C61282CE6F4F30085EF2F /* Debug */ = {
			isa = XCBuildConfiguration;
			buildSettings = {
				ALWAYS_EMBED_SWIFT_STANDARD_LIBRARIES = YES;
				CODE_SIGN_STYLE = Automatic;
				CURRENT_PROJECT_VERSION = 1;
				GENERATE_INFOPLIST_FILE = YES;
				MARKETING_VERSION = 1.0;
				PRODUCT_BUNDLE_IDENTIFIER = knturn.PsotifyUITests;
				PRODUCT_NAME = "$(TARGET_NAME)";
				SWIFT_EMIT_LOC_STRINGS = NO;
				SWIFT_VERSION = 5.0;
				TARGETED_DEVICE_FAMILY = "1,2";
				TEST_TARGET_NAME = Psotify;
			};
			name = Debug;
		};
		777C61292CE6F4F30085EF2F /* Release */ = {
			isa = XCBuildConfiguration;
			buildSettings = {
				ALWAYS_EMBED_SWIFT_STANDARD_LIBRARIES = YES;
				CODE_SIGN_STYLE = Automatic;
				CURRENT_PROJECT_VERSION = 1;
				GENERATE_INFOPLIST_FILE = YES;
				MARKETING_VERSION = 1.0;
				PRODUCT_BUNDLE_IDENTIFIER = knturn.PsotifyUITests;
				PRODUCT_NAME = "$(TARGET_NAME)";
				SWIFT_EMIT_LOC_STRINGS = NO;
				SWIFT_VERSION = 5.0;
				TARGETED_DEVICE_FAMILY = "1,2";
				TEST_TARGET_NAME = Psotify;
			};
			name = Release;
		};
/* End XCBuildConfiguration section */

/* Begin XCConfigurationList section */
		777C60F82CE6F4ED0085EF2F /* Build configuration list for PBXProject "Psotify" */ = {
			isa = XCConfigurationList;
			buildConfigurations = (
				777C611F2CE6F4F30085EF2F /* Debug */,
				777C61202CE6F4F30085EF2F /* Release */,
			);
			defaultConfigurationIsVisible = 0;
			defaultConfigurationName = Debug;
		};
		777C61212CE6F4F30085EF2F /* Build configuration list for PBXNativeTarget "Psotify" */ = {
			isa = XCConfigurationList;
			buildConfigurations = (
				777C61222CE6F4F30085EF2F /* Debug */,
				777C61232CE6F4F30085EF2F /* Release */,
			);
			defaultConfigurationIsVisible = 0;
			defaultConfigurationName = Debug;
		};
		777C61242CE6F4F30085EF2F /* Build configuration list for PBXNativeTarget "PsotifyTests" */ = {
			isa = XCConfigurationList;
			buildConfigurations = (
				777C61252CE6F4F30085EF2F /* Debug */,
				777C61262CE6F4F30085EF2F /* Release */,
			);
			defaultConfigurationIsVisible = 0;
			defaultConfigurationName = Debug;
		};
		777C61272CE6F4F30085EF2F /* Build configuration list for PBXNativeTarget "PsotifyUITests" */ = {
			isa = XCConfigurationList;
			buildConfigurations = (
				777C61282CE6F4F30085EF2F /* Debug */,
				777C61292CE6F4F30085EF2F /* Release */,
			);
			defaultConfigurationIsVisible = 0;
			defaultConfigurationName = Debug;
		};
/* End XCConfigurationList section */
	};
	rootObject = 777C60F52CE6F4ED0085EF2F /* Project object */;
}
