// !$*UTF8*$!
{
	archiveVersion = 1;
	classes = {
	};
	objectVersion = 56;
	objects = {

/* Begin PBXBuildFile section */
		777C61012CE6F4ED0085EF2F /* PsotifyApp.swift in Sources */ = {isa = PBXBuildFile; fileRef = 777C61002CE6F4ED0085EF2F /* PsotifyApp.swift */; };
		777C61032CE6F4ED0085EF2F /* MainView.swift in Sources */ = {isa = PBXBuildFile; fileRef = 777C61022CE6F4ED0085EF2F /* MainView.swift */; };
		777C61052CE6F4F00085EF2F /* Assets.xcassets in Resources */ = {isa = PBXBuildFile; fileRef = 777C61042CE6F4F00085EF2F /* Assets.xcassets */; };
		777C61082CE6F4F00085EF2F /* Preview Assets.xcassets in Resources */ = {isa = PBXBuildFile; fileRef = 777C61072CE6F4F00085EF2F /* Preview Assets.xcassets */; };
		777C61122CE6F4F30085EF2F /* PsotifyTests.swift in Sources */ = {isa = PBXBuildFile; fileRef = 777C61112CE6F4F30085EF2F /* PsotifyTests.swift */; };
		777C611C2CE6F4F30085EF2F /* PsotifyUITests.swift in Sources */ = {isa = PBXBuildFile; fileRef = 777C611B2CE6F4F30085EF2F /* PsotifyUITests.swift */; };
		777C611E2CE6F4F30085EF2F /* PsotifyUITestsLaunchTests.swift in Sources */ = {isa = PBXBuildFile; fileRef = 777C611D2CE6F4F30085EF2F /* PsotifyUITestsLaunchTests.swift */; };
		777C612C2CE6F8E10085EF2F /* TabbarView.swift in Sources */ = {isa = PBXBuildFile; fileRef = 777C612B2CE6F8E10085EF2F /* TabbarView.swift */; };
		777C61302CE6F9890085EF2F /* Navigation.swift in Sources */ = {isa = PBXBuildFile; fileRef = 777C612F2CE6F9890085EF2F /* Navigation.swift */; };
		777C61332CE6F9E10085EF2F /* Navigation+Modifier.swift in Sources */ = {isa = PBXBuildFile; fileRef = 777C61322CE6F9E10085EF2F /* Navigation+Modifier.swift */; };
		777C61352CE6FB770085EF2F /* MainViewModel.swift in Sources */ = {isa = PBXBuildFile; fileRef = 777C61342CE6FB770085EF2F /* MainViewModel.swift */; };
		777C61382CE6FC7D0085EF2F /* View+Extensions.swift in Sources */ = {isa = PBXBuildFile; fileRef = 777C61372CE6FC7D0085EF2F /* View+Extensions.swift */; };
		777C613B2CE6FEBC0085EF2F /* NetworkService.swift in Sources */ = {isa = PBXBuildFile; fileRef = 777C613A2CE6FEBC0085EF2F /* NetworkService.swift */; };
		777C613F2CE6FF2D0085EF2F /* HTTPStatusCases.swift in Sources */ = {isa = PBXBuildFile; fileRef = 777C613E2CE6FF2D0085EF2F /* HTTPStatusCases.swift */; };
		777C61422CE6FF7B0085EF2F /* NetworkServiceErrors.swift in Sources */ = {isa = PBXBuildFile; fileRef = 777C61412CE6FF7B0085EF2F /* NetworkServiceErrors.swift */; };
		777C61442CE6FFB50085EF2F /* ErrorResponse.swift in Sources */ = {isa = PBXBuildFile; fileRef = 777C61432CE6FFB50085EF2F /* ErrorResponse.swift */; };
		777C61472CE701120085EF2F /* Psotify+Endpoints.swift in Sources */ = {isa = PBXBuildFile; fileRef = 777C61462CE701120085EF2F /* Psotify+Endpoints.swift */; };
		777C614A2CE701600085EF2F /* Constants.swift in Sources */ = {isa = PBXBuildFile; fileRef = 777C61492CE701600085EF2F /* Constants.swift */; };
		77EE44FC2CE741AC004A7EAD /* Launch.swift in Sources */ = {isa = PBXBuildFile; fileRef = 77EE44FB2CE741AC004A7EAD /* Launch.swift */; };
		77EE44FF2CE741CE004A7EAD /* LoginView.swift in Sources */ = {isa = PBXBuildFile; fileRef = 77EE44FE2CE741CE004A7EAD /* LoginView.swift */; };
		77EE45022CE74829004A7EAD /* Images.swift in Sources */ = {isa = PBXBuildFile; fileRef = 77EE45012CE74829004A7EAD /* Images.swift */; };
		77EE45062CE75F81004A7EAD /* WebView.swift in Sources */ = {isa = PBXBuildFile; fileRef = 77EE45052CE75F81004A7EAD /* WebView.swift */; };
		77EE45082CE7613A004A7EAD /* LoginViewModel.swift in Sources */ = {isa = PBXBuildFile; fileRef = 77EE45072CE7613A004A7EAD /* LoginViewModel.swift */; };
/* End PBXBuildFile section */

/* Begin PBXContainerItemProxy section */
		777C610E2CE6F4F30085EF2F /* PBXContainerItemProxy */ = {
			isa = PBXContainerItemProxy;
			containerPortal = 777C60F52CE6F4ED0085EF2F /* Project object */;
			proxyType = 1;
			remoteGlobalIDString = 777C60FC2CE6F4ED0085EF2F;
			remoteInfo = Psotify;
		};
		777C61182CE6F4F30085EF2F /* PBXContainerItemProxy */ = {
			isa = PBXContainerItemProxy;
			containerPortal = 777C60F52CE6F4ED0085EF2F /* Project object */;
			proxyType = 1;
			remoteGlobalIDString = 777C60FC2CE6F4ED0085EF2F;
			remoteInfo = Psotify;
		};
/* End PBXContainerItemProxy section */

/* Begin PBXFileReference section */
		777C60FD2CE6F4ED0085EF2F /* Psotify.app */ = {isa = PBXFileReference; explicitFileType = wrapper.application; includeInIndex = 0; path = Psotify.app; sourceTree = BUILT_PRODUCTS_DIR; };
		777C61002CE6F4ED0085EF2F /* PsotifyApp.swift */ = {isa = PBXFileReference; lastKnownFileType = sourcecode.swift; path = PsotifyApp.swift; sourceTree = "<group>"; };
		777C61022CE6F4ED0085EF2F /* MainView.swift */ = {isa = PBXFileReference; lastKnownFileType = sourcecode.swift; path = MainView.swift; sourceTree = "<group>"; };
		777C61042CE6F4F00085EF2F /* Assets.xcassets */ = {isa = PBXFileReference; lastKnownFileType = folder.assetcatalog; path = Assets.xcassets; sourceTree = "<group>"; };
		777C61072CE6F4F00085EF2F /* Preview Assets.xcassets */ = {isa = PBXFileReference; lastKnownFileType = folder.assetcatalog; path = "Preview Assets.xcassets"; sourceTree = "<group>"; };
		777C610D2CE6F4F30085EF2F /* PsotifyTests.xctest */ = {isa = PBXFileReference; explicitFileType = wrapper.cfbundle; includeInIndex = 0; path = PsotifyTests.xctest; sourceTree = BUILT_PRODUCTS_DIR; };
		777C61112CE6F4F30085EF2F /* PsotifyTests.swift */ = {isa = PBXFileReference; lastKnownFileType = sourcecode.swift; path = PsotifyTests.swift; sourceTree = "<group>"; };
		777C61172CE6F4F30085EF2F /* PsotifyUITests.xctest */ = {isa = PBXFileReference; explicitFileType = wrapper.cfbundle; includeInIndex = 0; path = PsotifyUITests.xctest; sourceTree = BUILT_PRODUCTS_DIR; };
		777C611B2CE6F4F30085EF2F /* PsotifyUITests.swift */ = {isa = PBXFileReference; lastKnownFileType = sourcecode.swift; path = PsotifyUITests.swift; sourceTree = "<group>"; };
		777C611D2CE6F4F30085EF2F /* PsotifyUITestsLaunchTests.swift */ = {isa = PBXFileReference; lastKnownFileType = sourcecode.swift; path = PsotifyUITestsLaunchTests.swift; sourceTree = "<group>"; };
		777C612B2CE6F8E10085EF2F /* TabbarView.swift */ = {isa = PBXFileReference; lastKnownFileType = sourcecode.swift; path = TabbarView.swift; sourceTree = "<group>"; };
		777C612F2CE6F9890085EF2F /* Navigation.swift */ = {isa = PBXFileReference; lastKnownFileType = sourcecode.swift; path = Navigation.swift; sourceTree = "<group>"; };
		777C61322CE6F9E10085EF2F /* Navigation+Modifier.swift */ = {isa = PBXFileReference; lastKnownFileType = sourcecode.swift; path = "Navigation+Modifier.swift"; sourceTree = "<group>"; };
		777C61342CE6FB770085EF2F /* MainViewModel.swift */ = {isa = PBXFileReference; lastKnownFileType = sourcecode.swift; path = MainViewModel.swift; sourceTree = "<group>"; };
		777C61372CE6FC7D0085EF2F /* View+Extensions.swift */ = {isa = PBXFileReference; lastKnownFileType = sourcecode.swift; path = "View+Extensions.swift"; sourceTree = "<group>"; };
		777C613A2CE6FEBC0085EF2F /* NetworkService.swift */ = {isa = PBXFileReference; lastKnownFileType = sourcecode.swift; path = NetworkService.swift; sourceTree = "<group>"; };
		777C613E2CE6FF2D0085EF2F /* HTTPStatusCases.swift */ = {isa = PBXFileReference; lastKnownFileType = sourcecode.swift; path = HTTPStatusCases.swift; sourceTree = "<group>"; };
		777C61412CE6FF7B0085EF2F /* NetworkServiceErrors.swift */ = {isa = PBXFileReference; lastKnownFileType = sourcecode.swift; path = NetworkServiceErrors.swift; sourceTree = "<group>"; };
		777C61432CE6FFB50085EF2F /* ErrorResponse.swift */ = {isa = PBXFileReference; lastKnownFileType = sourcecode.swift; path = ErrorResponse.swift; sourceTree = "<group>"; };
		777C61462CE701120085EF2F /* Psotify+Endpoints.swift */ = {isa = PBXFileReference; lastKnownFileType = sourcecode.swift; path = "Psotify+Endpoints.swift"; sourceTree = "<group>"; };
		777C61492CE701600085EF2F /* Constants.swift */ = {isa = PBXFileReference; lastKnownFileType = sourcecode.swift; path = Constants.swift; sourceTree = "<group>"; };
		777C614C2CE706E70085EF2F /* Debug.xcconfig */ = {isa = PBXFileReference; lastKnownFileType = text.xcconfig; path = Debug.xcconfig; sourceTree = "<group>"; };
		777C614D2CE706FA0085EF2F /* Release.xcconfig */ = {isa = PBXFileReference; lastKnownFileType = text.xcconfig; path = Release.xcconfig; sourceTree = "<group>"; };
		77EE44F92CE72E81004A7EAD /* Info.plist */ = {isa = PBXFileReference; lastKnownFileType = text.plist.xml; path = Info.plist; sourceTree = "<group>"; };
		77EE44FB2CE741AC004A7EAD /* Launch.swift */ = {isa = PBXFileReference; lastKnownFileType = sourcecode.swift; path = Launch.swift; sourceTree = "<group>"; };
		77EE44FE2CE741CE004A7EAD /* LoginView.swift */ = {isa = PBXFileReference; lastKnownFileType = sourcecode.swift; path = LoginView.swift; sourceTree = "<group>"; };
		77EE45012CE74829004A7EAD /* Images.swift */ = {isa = PBXFileReference; lastKnownFileType = sourcecode.swift; path = Images.swift; sourceTree = "<group>"; };
		77EE45052CE75F81004A7EAD /* WebView.swift */ = {isa = PBXFileReference; lastKnownFileType = sourcecode.swift; path = WebView.swift; sourceTree = "<group>"; };
		77EE45072CE7613A004A7EAD /* LoginViewModel.swift */ = {isa = PBXFileReference; lastKnownFileType = sourcecode.swift; path = LoginViewModel.swift; sourceTree = "<group>"; };
/* End PBXFileReference section */

/* Begin PBXFrameworksBuildPhase section */
		777C60FA2CE6F4ED0085EF2F /* Frameworks */ = {
			isa = PBXFrameworksBuildPhase;
			buildActionMask = 2147483647;
			files = (
			);
			runOnlyForDeploymentPostprocessing = 0;
		};
		777C610A2CE6F4F30085EF2F /* Frameworks */ = {
			isa = PBXFrameworksBuildPhase;
			buildActionMask = 2147483647;
			files = (
			);
			runOnlyForDeploymentPostprocessing = 0;
		};
		777C61142CE6F4F30085EF2F /* Frameworks */ = {
			isa = PBXFrameworksBuildPhase;
			buildActionMask = 2147483647;
			files = (
			);
			runOnlyForDeploymentPostprocessing = 0;
		};
/* End PBXFrameworksBuildPhase section */

/* Begin PBXGroup section */
		777C60F42CE6F4ED0085EF2F = {
			isa = PBXGroup;
			children = (
				777C60FF2CE6F4ED0085EF2F /* Psotify */,
				777C61102CE6F4F30085EF2F /* PsotifyTests */,
				777C611A2CE6F4F30085EF2F /* PsotifyUITests */,
				777C60FE2CE6F4ED0085EF2F /* Products */,
			);
			sourceTree = "<group>";
		};
		777C60FE2CE6F4ED0085EF2F /* Products */ = {
			isa = PBXGroup;
			children = (
				777C60FD2CE6F4ED0085EF2F /* Psotify.app */,
				777C610D2CE6F4F30085EF2F /* PsotifyTests.xctest */,
				777C61172CE6F4F30085EF2F /* PsotifyUITests.xctest */,
			);
			name = Products;
			sourceTree = "<group>";
		};
		777C60FF2CE6F4ED0085EF2F /* Psotify */ = {
			isa = PBXGroup;
			children = (
				77EE45032CE75F5D004A7EAD /* Utilities */,
				777C614B2CE706BD0085EF2F /* Configurations */,
				777C61482CE701550085EF2F /* Resources */,
				777C613C2CE6FF130085EF2F /* Models */,
				777C61392CE6FEAD0085EF2F /* Service */,
				777C612E2CE6F9750085EF2F /* Helpers */,
				777C612A2CE6F8CC0085EF2F /* Scenes */,
				777C61002CE6F4ED0085EF2F /* PsotifyApp.swift */,
				777C61062CE6F4F00085EF2F /* Preview Content */,
			);
			path = Psotify;
			sourceTree = "<group>";
		};
		777C61062CE6F4F00085EF2F /* Preview Content */ = {
			isa = PBXGroup;
			children = (
				777C61072CE6F4F00085EF2F /* Preview Assets.xcassets */,
			);
			path = "Preview Content";
			sourceTree = "<group>";
		};
		777C61102CE6F4F30085EF2F /* PsotifyTests */ = {
			isa = PBXGroup;
			children = (
				777C61112CE6F4F30085EF2F /* PsotifyTests.swift */,
			);
			path = PsotifyTests;
			sourceTree = "<group>";
		};
		777C611A2CE6F4F30085EF2F /* PsotifyUITests */ = {
			isa = PBXGroup;
			children = (
				777C611B2CE6F4F30085EF2F /* PsotifyUITests.swift */,
				777C611D2CE6F4F30085EF2F /* PsotifyUITestsLaunchTests.swift */,
			);
			path = PsotifyUITests;
			sourceTree = "<group>";
		};
		777C612A2CE6F8CC0085EF2F /* Scenes */ = {
			isa = PBXGroup;
			children = (
				77EE44FD2CE741B0004A7EAD /* Launch */,
				77EE44FA2CE74199004A7EAD /* Login */,
				777C612D2CE6F8F70085EF2F /* Main */,
			);
			path = Scenes;
			sourceTree = "<group>";
		};
		777C612D2CE6F8F70085EF2F /* Main */ = {
			isa = PBXGroup;
			children = (
				777C61022CE6F4ED0085EF2F /* MainView.swift */,
				777C61342CE6FB770085EF2F /* MainViewModel.swift */,
				777C612B2CE6F8E10085EF2F /* TabbarView.swift */,
			);
			path = Main;
			sourceTree = "<group>";
		};
		777C612E2CE6F9750085EF2F /* Helpers */ = {
			isa = PBXGroup;
			children = (
				777C61362CE6FC680085EF2F /* Extensions */,
				777C61312CE6F9C60085EF2F /* Navigation */,
			);
			path = Helpers;
			sourceTree = "<group>";
		};
		777C61312CE6F9C60085EF2F /* Navigation */ = {
			isa = PBXGroup;
			children = (
				777C612F2CE6F9890085EF2F /* Navigation.swift */,
				777C61322CE6F9E10085EF2F /* Navigation+Modifier.swift */,
			);
			path = Navigation;
			sourceTree = "<group>";
		};
		777C61362CE6FC680085EF2F /* Extensions */ = {
			isa = PBXGroup;
			children = (
				777C61372CE6FC7D0085EF2F /* View+Extensions.swift */,
			);
			path = Extensions;
			sourceTree = "<group>";
		};
		777C61392CE6FEAD0085EF2F /* Service */ = {
			isa = PBXGroup;
			children = (
				777C61452CE700F60085EF2F /* Endpoints */,
				777C613A2CE6FEBC0085EF2F /* NetworkService.swift */,
			);
			path = Service;
			sourceTree = "<group>";
		};
		777C613C2CE6FF130085EF2F /* Models */ = {
			isa = PBXGroup;
			children = (
				777C61402CE6FF6D0085EF2F /* Errors */,
				777C613E2CE6FF2D0085EF2F /* HTTPStatusCases.swift */,
			);
			path = Models;
			sourceTree = "<group>";
		};
		777C61402CE6FF6D0085EF2F /* Errors */ = {
			isa = PBXGroup;
			children = (
				777C61412CE6FF7B0085EF2F /* NetworkServiceErrors.swift */,
				777C61432CE6FFB50085EF2F /* ErrorResponse.swift */,
			);
			path = Errors;
			sourceTree = "<group>";
		};
		777C61452CE700F60085EF2F /* Endpoints */ = {
			isa = PBXGroup;
			children = (
				777C61462CE701120085EF2F /* Psotify+Endpoints.swift */,
			);
			path = Endpoints;
			sourceTree = "<group>";
		};
		777C61482CE701550085EF2F /* Resources */ = {
			isa = PBXGroup;
			children = (
				77EE45002CE74819004A7EAD /* Images */,
				77EE44F92CE72E81004A7EAD /* Info.plist */,
				777C61492CE701600085EF2F /* Constants.swift */,
			);
			path = Resources;
			sourceTree = "<group>";
		};
		777C614B2CE706BD0085EF2F /* Configurations */ = {
			isa = PBXGroup;
			children = (
				777C614C2CE706E70085EF2F /* Debug.xcconfig */,
				777C614D2CE706FA0085EF2F /* Release.xcconfig */,
			);
			path = Configurations;
			sourceTree = "<group>";
		};
		77EE44FA2CE74199004A7EAD /* Login */ = {
			isa = PBXGroup;
			children = (
				77EE44FE2CE741CE004A7EAD /* LoginView.swift */,
				77EE45072CE7613A004A7EAD /* LoginViewModel.swift */,
			);
			path = Login;
			sourceTree = "<group>";
		};
		77EE44FD2CE741B0004A7EAD /* Launch */ = {
			isa = PBXGroup;
			children = (
				77EE44FB2CE741AC004A7EAD /* Launch.swift */,
			);
			path = Launch;
			sourceTree = "<group>";
		};
		77EE45002CE74819004A7EAD /* Images */ = {
			isa = PBXGroup;
			children = (
				777C61042CE6F4F00085EF2F /* Assets.xcassets */,
				77EE45012CE74829004A7EAD /* Images.swift */,
			);
			path = Images;
			sourceTree = "<group>";
		};
		77EE45032CE75F5D004A7EAD /* Utilities */ = {
			isa = PBXGroup;
			children = (
				77EE45042CE75F6D004A7EAD /* ViewRepresentables */,
			);
			path = Utilities;
			sourceTree = "<group>";
		};
		77EE45042CE75F6D004A7EAD /* ViewRepresentables */ = {
			isa = PBXGroup;
			children = (
				77EE45052CE75F81004A7EAD /* WebView.swift */,
			);
			path = ViewRepresentables;
			sourceTree = "<group>";
		};
/* End PBXGroup section */

/* Begin PBXNativeTarget section */
		777C60FC2CE6F4ED0085EF2F /* Psotify */ = {
			isa = PBXNativeTarget;
			buildConfigurationList = 777C61212CE6F4F30085EF2F /* Build configuration list for PBXNativeTarget "Psotify" */;
			buildPhases = (
				777C60F92CE6F4ED0085EF2F /* Sources */,
				777C60FA2CE6F4ED0085EF2F /* Frameworks */,
				777C60FB2CE6F4ED0085EF2F /* Resources */,
			);
			buildRules = (
			);
			dependencies = (
			);
			name = Psotify;
			productName = Psotify;
			productReference = 777C60FD2CE6F4ED0085EF2F /* Psotify.app */;
			productType = "com.apple.product-type.application";
		};
		777C610C2CE6F4F30085EF2F /* PsotifyTests */ = {
			isa = PBXNativeTarget;
			buildConfigurationList = 777C61242CE6F4F30085EF2F /* Build configuration list for PBXNativeTarget "PsotifyTests" */;
			buildPhases = (
				777C61092CE6F4F30085EF2F /* Sources */,
				777C610A2CE6F4F30085EF2F /* Frameworks */,
				777C610B2CE6F4F30085EF2F /* Resources */,
			);
			buildRules = (
			);
			dependencies = (
				777C610F2CE6F4F30085EF2F /* PBXTargetDependency */,
			);
			name = PsotifyTests;
			productName = PsotifyTests;
			productReference = 777C610D2CE6F4F30085EF2F /* PsotifyTests.xctest */;
			productType = "com.apple.product-type.bundle.unit-test";
		};
		777C61162CE6F4F30085EF2F /* PsotifyUITests */ = {
			isa = PBXNativeTarget;
			buildConfigurationList = 777C61272CE6F4F30085EF2F /* Build configuration list for PBXNativeTarget "PsotifyUITests" */;
			buildPhases = (
				777C61132CE6F4F30085EF2F /* Sources */,
				777C61142CE6F4F30085EF2F /* Frameworks */,
				777C61152CE6F4F30085EF2F /* Resources */,
			);
			buildRules = (
			);
			dependencies = (
				777C61192CE6F4F30085EF2F /* PBXTargetDependency */,
			);
			name = PsotifyUITests;
			productName = PsotifyUITests;
			productReference = 777C61172CE6F4F30085EF2F /* PsotifyUITests.xctest */;
			productType = "com.apple.product-type.bundle.ui-testing";
		};
/* End PBXNativeTarget section */

/* Begin PBXProject section */
		777C60F52CE6F4ED0085EF2F /* Project object */ = {
			isa = PBXProject;
			attributes = {
				BuildIndependentTargetsInParallel = 1;
				LastSwiftUpdateCheck = 1540;
				LastUpgradeCheck = 1540;
				TargetAttributes = {
					777C60FC2CE6F4ED0085EF2F = {
						CreatedOnToolsVersion = 15.4;
					};
					777C610C2CE6F4F30085EF2F = {
						CreatedOnToolsVersion = 15.4;
						TestTargetID = 777C60FC2CE6F4ED0085EF2F;
					};
					777C61162CE6F4F30085EF2F = {
						CreatedOnToolsVersion = 15.4;
						TestTargetID = 777C60FC2CE6F4ED0085EF2F;
					};
				};
			};
			buildConfigurationList = 777C60F82CE6F4ED0085EF2F /* Build configuration list for PBXProject "Psotify" */;
			compatibilityVersion = "Xcode 14.0";
			developmentRegion = en;
			hasScannedForEncodings = 0;
			knownRegions = (
				en,
				Base,
			);
			mainGroup = 777C60F42CE6F4ED0085EF2F;
			productRefGroup = 777C60FE2CE6F4ED0085EF2F /* Products */;
			projectDirPath = "";
			projectRoot = "";
			targets = (
				777C60FC2CE6F4ED0085EF2F /* Psotify */,
				777C610C2CE6F4F30085EF2F /* PsotifyTests */,
				777C61162CE6F4F30085EF2F /* PsotifyUITests */,
			);
		};
/* End PBXProject section */

/* Begin PBXResourcesBuildPhase section */
		777C60FB2CE6F4ED0085EF2F /* Resources */ = {
			isa = PBXResourcesBuildPhase;
			buildActionMask = 2147483647;
			files = (
				777C61082CE6F4F00085EF2F /* Preview Assets.xcassets in Resources */,
				777C61052CE6F4F00085EF2F /* Assets.xcassets in Resources */,
			);
			runOnlyForDeploymentPostprocessing = 0;
		};
		777C610B2CE6F4F30085EF2F /* Resources */ = {
			isa = PBXResourcesBuildPhase;
			buildActionMask = 2147483647;
			files = (
			);
			runOnlyForDeploymentPostprocessing = 0;
		};
		777C61152CE6F4F30085EF2F /* Resources */ = {
			isa = PBXResourcesBuildPhase;
			buildActionMask = 2147483647;
			files = (
			);
			runOnlyForDeploymentPostprocessing = 0;
		};
/* End PBXResourcesBuildPhase section */

/* Begin PBXSourcesBuildPhase section */
		777C60F92CE6F4ED0085EF2F /* Sources */ = {
			isa = PBXSourcesBuildPhase;
			buildActionMask = 2147483647;
			files = (
				777C61332CE6F9E10085EF2F /* Navigation+Modifier.swift in Sources */,
				777C612C2CE6F8E10085EF2F /* TabbarView.swift in Sources */,
				777C613F2CE6FF2D0085EF2F /* HTTPStatusCases.swift in Sources */,
				777C61472CE701120085EF2F /* Psotify+Endpoints.swift in Sources */,
				77EE44FC2CE741AC004A7EAD /* Launch.swift in Sources */,
				777C613B2CE6FEBC0085EF2F /* NetworkService.swift in Sources */,
				77EE44FF2CE741CE004A7EAD /* LoginView.swift in Sources */,
				777C61032CE6F4ED0085EF2F /* MainView.swift in Sources */,
				77EE45082CE7613A004A7EAD /* LoginViewModel.swift in Sources */,
				777C61422CE6FF7B0085EF2F /* NetworkServiceErrors.swift in Sources */,
				777C614A2CE701600085EF2F /* Constants.swift in Sources */,
				777C61382CE6FC7D0085EF2F /* View+Extensions.swift in Sources */,
				77EE45062CE75F81004A7EAD /* WebView.swift in Sources */,
				777C61012CE6F4ED0085EF2F /* PsotifyApp.swift in Sources */,
				777C61442CE6FFB50085EF2F /* ErrorResponse.swift in Sources */,
				77EE45022CE74829004A7EAD /* Images.swift in Sources */,
				777C61302CE6F9890085EF2F /* Navigation.swift in Sources */,
				777C61352CE6FB770085EF2F /* MainViewModel.swift in Sources */,
			);
			runOnlyForDeploymentPostprocessing = 0;
		};
		777C61092CE6F4F30085EF2F /* Sources */ = {
			isa = PBXSourcesBuildPhase;
			buildActionMask = 2147483647;
			files = (
				777C61122CE6F4F30085EF2F /* PsotifyTests.swift in Sources */,
			);
			runOnlyForDeploymentPostprocessing = 0;
		};
		777C61132CE6F4F30085EF2F /* Sources */ = {
			isa = PBXSourcesBuildPhase;
			buildActionMask = 2147483647;
			files = (
				777C611C2CE6F4F30085EF2F /* PsotifyUITests.swift in Sources */,
				777C611E2CE6F4F30085EF2F /* PsotifyUITestsLaunchTests.swift in Sources */,
			);
			runOnlyForDeploymentPostprocessing = 0;
		};
/* End PBXSourcesBuildPhase section */

/* Begin PBXTargetDependency section */
		777C610F2CE6F4F30085EF2F /* PBXTargetDependency */ = {
			isa = PBXTargetDependency;
			target = 777C60FC2CE6F4ED0085EF2F /* Psotify */;
			targetProxy = 777C610E2CE6F4F30085EF2F /* PBXContainerItemProxy */;
		};
		777C61192CE6F4F30085EF2F /* PBXTargetDependency */ = {
			isa = PBXTargetDependency;
			target = 777C60FC2CE6F4ED0085EF2F /* Psotify */;
			targetProxy = 777C61182CE6F4F30085EF2F /* PBXContainerItemProxy */;
		};
/* End PBXTargetDependency section */

/* Begin XCBuildConfiguration section */
		777C611F2CE6F4F30085EF2F /* Debug */ = {
			isa = XCBuildConfiguration;
			baseConfigurationReference = 777C614C2CE706E70085EF2F /* Debug.xcconfig */;
			buildSettings = {
				ALWAYS_SEARCH_USER_PATHS = NO;
				ASSETCATALOG_COMPILER_GENERATE_SWIFT_ASSET_SYMBOL_EXTENSIONS = YES;
				CLANG_ANALYZER_NONNULL = YES;
				CLANG_ANALYZER_NUMBER_OBJECT_CONVERSION = YES_AGGRESSIVE;
				CLANG_CXX_LANGUAGE_STANDARD = "gnu++20";
				CLANG_ENABLE_MODULES = YES;
				CLANG_ENABLE_OBJC_ARC = YES;
				CLANG_ENABLE_OBJC_WEAK = YES;
				CLANG_WARN_BLOCK_CAPTURE_AUTORELEASING = YES;
				CLANG_WARN_BOOL_CONVERSION = YES;
				CLANG_WARN_COMMA = YES;
				CLANG_WARN_CONSTANT_CONVERSION = YES;
				CLANG_WARN_DEPRECATED_OBJC_IMPLEMENTATIONS = YES;
				CLANG_WARN_DIRECT_OBJC_ISA_USAGE = YES_ERROR;
				CLANG_WARN_DOCUMENTATION_COMMENTS = YES;
				CLANG_WARN_EMPTY_BODY = YES;
				CLANG_WARN_ENUM_CONVERSION = YES;
				CLANG_WARN_INFINITE_RECURSION = YES;
				CLANG_WARN_INT_CONVERSION = YES;
				CLANG_WARN_NON_LITERAL_NULL_CONVERSION = YES;
				CLANG_WARN_OBJC_IMPLICIT_RETAIN_SELF = YES;
				CLANG_WARN_OBJC_LITERAL_CONVERSION = YES;
				CLANG_WARN_OBJC_ROOT_CLASS = YES_ERROR;
				CLANG_WARN_QUOTED_INCLUDE_IN_FRAMEWORK_HEADER = YES;
				CLANG_WARN_RANGE_LOOP_ANALYSIS = YES;
				CLANG_WARN_STRICT_PROTOTYPES = YES;
				CLANG_WARN_SUSPICIOUS_MOVE = YES;
				CLANG_WARN_UNGUARDED_AVAILABILITY = YES_AGGRESSIVE;
				CLANG_WARN_UNREACHABLE_CODE = YES;
				CLANG_WARN__DUPLICATE_METHOD_MATCH = YES;
				COPY_PHASE_STRIP = NO;
				DEBUG_INFORMATION_FORMAT = dwarf;
				ENABLE_STRICT_OBJC_MSGSEND = YES;
				ENABLE_TESTABILITY = YES;
				ENABLE_USER_SCRIPT_SANDBOXING = YES;
				GCC_C_LANGUAGE_STANDARD = gnu17;
				GCC_DYNAMIC_NO_PIC = NO;
				GCC_NO_COMMON_BLOCKS = YES;
				GCC_OPTIMIZATION_LEVEL = 0;
				GCC_PREPROCESSOR_DEFINITIONS = (
					"DEBUG=1",
					"$(inherited)",
				);
				GCC_WARN_64_TO_32_BIT_CONVERSION = YES;
				GCC_WARN_ABOUT_RETURN_TYPE = YES_ERROR;
				GCC_WARN_UNDECLARED_SELECTOR = YES;
				GCC_WARN_UNINITIALIZED_AUTOS = YES_AGGRESSIVE;
				GCC_WARN_UNUSED_FUNCTION = YES;
				GCC_WARN_UNUSED_VARIABLE = YES;
				INFOPLIST_FILE = Psotify/Resources/Info.plist;
				IPHONEOS_DEPLOYMENT_TARGET = 17.5;
				LOCALIZATION_PREFERS_STRING_CATALOGS = YES;
				MTL_ENABLE_DEBUG_INFO = INCLUDE_SOURCE;
				MTL_FAST_MATH = YES;
				ONLY_ACTIVE_ARCH = YES;
				PRODUCT_NAME = Psotify;
				SDKROOT = iphoneos;
				SWIFT_ACTIVE_COMPILATION_CONDITIONS = "DEBUG $(inherited)";
				SWIFT_OPTIMIZATION_LEVEL = "-Onone";
			};
			name = Debug;
		};
		777C61202CE6F4F30085EF2F /* Release */ = {
			isa = XCBuildConfiguration;
			baseConfigurationReference = 777C614D2CE706FA0085EF2F /* Release.xcconfig */;
			buildSettings = {
				ALWAYS_SEARCH_USER_PATHS = NO;
				ASSETCATALOG_COMPILER_GENERATE_SWIFT_ASSET_SYMBOL_EXTENSIONS = YES;
				CLANG_ANALYZER_NONNULL = YES;
				CLANG_ANALYZER_NUMBER_OBJECT_CONVERSION = YES_AGGRESSIVE;
				CLANG_CXX_LANGUAGE_STANDARD = "gnu++20";
				CLANG_ENABLE_MODULES = YES;
				CLANG_ENABLE_OBJC_ARC = YES;
				CLANG_ENABLE_OBJC_WEAK = YES;
				CLANG_WARN_BLOCK_CAPTURE_AUTORELEASING = YES;
				CLANG_WARN_BOOL_CONVERSION = YES;
				CLANG_WARN_COMMA = YES;
				CLANG_WARN_CONSTANT_CONVERSION = YES;
				CLANG_WARN_DEPRECATED_OBJC_IMPLEMENTATIONS = YES;
				CLANG_WARN_DIRECT_OBJC_ISA_USAGE = YES_ERROR;
				CLANG_WARN_DOCUMENTATION_COMMENTS = YES;
				CLANG_WARN_EMPTY_BODY = YES;
				CLANG_WARN_ENUM_CONVERSION = YES;
				CLANG_WARN_INFINITE_RECURSION = YES;
				CLANG_WARN_INT_CONVERSION = YES;
				CLANG_WARN_NON_LITERAL_NULL_CONVERSION = YES;
				CLANG_WARN_OBJC_IMPLICIT_RETAIN_SELF = YES;
				CLANG_WARN_OBJC_LITERAL_CONVERSION = YES;
				CLANG_WARN_OBJC_ROOT_CLASS = YES_ERROR;
				CLANG_WARN_QUOTED_INCLUDE_IN_FRAMEWORK_HEADER = YES;
				CLANG_WARN_RANGE_LOOP_ANALYSIS = YES;
				CLANG_WARN_STRICT_PROTOTYPES = YES;
				CLANG_WARN_SUSPICIOUS_MOVE = YES;
				CLANG_WARN_UNGUARDED_AVAILABILITY = YES_AGGRESSIVE;
				CLANG_WARN_UNREACHABLE_CODE = YES;
				CLANG_WARN__DUPLICATE_METHOD_MATCH = YES;
				COPY_PHASE_STRIP = NO;
				DEBUG_INFORMATION_FORMAT = "dwarf-with-dsym";
				ENABLE_NS_ASSERTIONS = NO;
				ENABLE_STRICT_OBJC_MSGSEND = YES;
				ENABLE_USER_SCRIPT_SANDBOXING = YES;
				GCC_C_LANGUAGE_STANDARD = gnu17;
				GCC_NO_COMMON_BLOCKS = YES;
				GCC_WARN_64_TO_32_BIT_CONVERSION = YES;
				GCC_WARN_ABOUT_RETURN_TYPE = YES_ERROR;
				GCC_WARN_UNDECLARED_SELECTOR = YES;
				GCC_WARN_UNINITIALIZED_AUTOS = YES_AGGRESSIVE;
				GCC_WARN_UNUSED_FUNCTION = YES;
				GCC_WARN_UNUSED_VARIABLE = YES;
				INFOPLIST_FILE = Psotify/Resources/Info.plist;
				IPHONEOS_DEPLOYMENT_TARGET = 17.5;
				LOCALIZATION_PREFERS_STRING_CATALOGS = YES;
				MTL_ENABLE_DEBUG_INFO = NO;
				MTL_FAST_MATH = YES;
				PRODUCT_NAME = Psotify;
				SDKROOT = iphoneos;
				SWIFT_COMPILATION_MODE = wholemodule;
				VALIDATE_PRODUCT = YES;
			};
			name = Release;
		};
		777C61222CE6F4F30085EF2F /* Debug */ = {
			isa = XCBuildConfiguration;
			baseConfigurationReference = 777C614C2CE706E70085EF2F /* Debug.xcconfig */;
			buildSettings = {
				ASSETCATALOG_COMPILER_APPICON_NAME = AppIcon;
				ASSETCATALOG_COMPILER_GLOBAL_ACCENT_COLOR_NAME = AccentColor;
				CODE_SIGN_STYLE = Automatic;
				CURRENT_PROJECT_VERSION = 1;
				DEVELOPMENT_ASSET_PATHS = "\"Psotify/Preview Content\"";
				ENABLE_PREVIEWS = YES;
				GENERATE_INFOPLIST_FILE = YES;
				INFOPLIST_FILE = Psotify/Resources/Info.plist;
				INFOPLIST_KEY_UIApplicationSceneManifest_Generation = YES;
				INFOPLIST_KEY_UIApplicationSupportsIndirectInputEvents = YES;
				INFOPLIST_KEY_UILaunchScreen_Generation = YES;
				INFOPLIST_KEY_UISupportedInterfaceOrientations = "UIInterfaceOrientationPortrait UIInterfaceOrientationPortraitUpsideDown";
				LD_RUNPATH_SEARCH_PATHS = (
					"$(inherited)",
					"@executable_path/Frameworks",
				);
				MARKETING_VERSION = 1.0;
				PRODUCT_BUNDLE_IDENTIFIER = knturn.Psotify;
				PRODUCT_NAME = "$(TARGET_NAME)";
				SWIFT_EMIT_LOC_STRINGS = YES;
				SWIFT_VERSION = 5.0;
				TARGETED_DEVICE_FAMILY = "1,2";
			};
			name = Debug;
		};
		777C61232CE6F4F30085EF2F /* Release */ = {
			isa = XCBuildConfiguration;
			buildSettings = {
				ASSETCATALOG_COMPILER_APPICON_NAME = AppIcon;
				ASSETCATALOG_COMPILER_GLOBAL_ACCENT_COLOR_NAME = AccentColor;
				CODE_SIGN_STYLE = Automatic;
				CURRENT_PROJECT_VERSION = 1;
				DEVELOPMENT_ASSET_PATHS = "\"Psotify/Preview Content\"";
				ENABLE_PREVIEWS = YES;
				GENERATE_INFOPLIST_FILE = YES;
				INFOPLIST_FILE = Psotify/Resources/Info.plist;
				INFOPLIST_KEY_UIApplicationSceneManifest_Generation = YES;
				INFOPLIST_KEY_UIApplicationSupportsIndirectInputEvents = YES;
				INFOPLIST_KEY_UILaunchScreen_Generation = YES;
				INFOPLIST_KEY_UISupportedInterfaceOrientations = "UIInterfaceOrientationPortrait UIInterfaceOrientationPortraitUpsideDown";
				LD_RUNPATH_SEARCH_PATHS = (
					"$(inherited)",
					"@executable_path/Frameworks",
				);
				MARKETING_VERSION = 1.0;
				PRODUCT_BUNDLE_IDENTIFIER = knturn.Psotify;
				PRODUCT_NAME = "$(TARGET_NAME)";
				SWIFT_EMIT_LOC_STRINGS = YES;
				SWIFT_VERSION = 5.0;
				TARGETED_DEVICE_FAMILY = "1,2";
			};
			name = Release;
		};
		777C61252CE6F4F30085EF2F /* Debug */ = {
			isa = XCBuildConfiguration;
			baseConfigurationReference = 777C614C2CE706E70085EF2F /* Debug.xcconfig */;
			buildSettings = {
				ALWAYS_EMBED_SWIFT_STANDARD_LIBRARIES = YES;
				BUNDLE_LOADER = "$(TEST_HOST)";
				CODE_SIGN_STYLE = Automatic;
				CURRENT_PROJECT_VERSION = 1;
				GENERATE_INFOPLIST_FILE = YES;
				IPHONEOS_DEPLOYMENT_TARGET = 17.5;
				MARKETING_VERSION = 1.0;
				PRODUCT_BUNDLE_IDENTIFIER = knturn.PsotifyTests;
				PRODUCT_NAME = "$(TARGET_NAME)";
				SWIFT_EMIT_LOC_STRINGS = NO;
				SWIFT_VERSION = 5.0;
				TARGETED_DEVICE_FAMILY = "1,2";
				TEST_HOST = "$(BUILT_PRODUCTS_DIR)/Psotify.app/$(BUNDLE_EXECUTABLE_FOLDER_PATH)/Psotify";
			};
			name = Debug;
		};
		777C61262CE6F4F30085EF2F /* Release */ = {
			isa = XCBuildConfiguration;
			buildSettings = {
				ALWAYS_EMBED_SWIFT_STANDARD_LIBRARIES = YES;
				BUNDLE_LOADER = "$(TEST_HOST)";
				CODE_SIGN_STYLE = Automatic;
				CURRENT_PROJECT_VERSION = 1;
				GENERATE_INFOPLIST_FILE = YES;
				IPHONEOS_DEPLOYMENT_TARGET = 17.5;
				MARKETING_VERSION = 1.0;
				PRODUCT_BUNDLE_IDENTIFIER = knturn.PsotifyTests;
				PRODUCT_NAME = "$(TARGET_NAME)";
				SWIFT_EMIT_LOC_STRINGS = NO;
				SWIFT_VERSION = 5.0;
				TARGETED_DEVICE_FAMILY = "1,2";
				TEST_HOST = "$(BUILT_PRODUCTS_DIR)/Psotify.app/$(BUNDLE_EXECUTABLE_FOLDER_PATH)/Psotify";
			};
			name = Release;
		};
		777C61282CE6F4F30085EF2F /* Debug */ = {
			isa = XCBuildConfiguration;
			buildSettings = {
				ALWAYS_EMBED_SWIFT_STANDARD_LIBRARIES = YES;
				CODE_SIGN_STYLE = Automatic;
				CURRENT_PROJECT_VERSION = 1;
				GENERATE_INFOPLIST_FILE = YES;
				MARKETING_VERSION = 1.0;
				PRODUCT_BUNDLE_IDENTIFIER = knturn.PsotifyUITests;
				PRODUCT_NAME = "$(TARGET_NAME)";
				SWIFT_EMIT_LOC_STRINGS = NO;
				SWIFT_VERSION = 5.0;
				TARGETED_DEVICE_FAMILY = "1,2";
				TEST_TARGET_NAME = Psotify;
			};
			name = Debug;
		};
		777C61292CE6F4F30085EF2F /* Release */ = {
			isa = XCBuildConfiguration;
			buildSettings = {
				ALWAYS_EMBED_SWIFT_STANDARD_LIBRARIES = YES;
				CODE_SIGN_STYLE = Automatic;
				CURRENT_PROJECT_VERSION = 1;
				GENERATE_INFOPLIST_FILE = YES;
				MARKETING_VERSION = 1.0;
				PRODUCT_BUNDLE_IDENTIFIER = knturn.PsotifyUITests;
				PRODUCT_NAME = "$(TARGET_NAME)";
				SWIFT_EMIT_LOC_STRINGS = NO;
				SWIFT_VERSION = 5.0;
				TARGETED_DEVICE_FAMILY = "1,2";
				TEST_TARGET_NAME = Psotify;
			};
			name = Release;
		};
/* End XCBuildConfiguration section */

/* Begin XCConfigurationList section */
		777C60F82CE6F4ED0085EF2F /* Build configuration list for PBXProject "Psotify" */ = {
			isa = XCConfigurationList;
			buildConfigurations = (
				777C611F2CE6F4F30085EF2F /* Debug */,
				777C61202CE6F4F30085EF2F /* Release */,
			);
			defaultConfigurationIsVisible = 0;
			defaultConfigurationName = Debug;
		};
		777C61212CE6F4F30085EF2F /* Build configuration list for PBXNativeTarget "Psotify" */ = {
			isa = XCConfigurationList;
			buildConfigurations = (
				777C61222CE6F4F30085EF2F /* Debug */,
				777C61232CE6F4F30085EF2F /* Release */,
			);
			defaultConfigurationIsVisible = 0;
			defaultConfigurationName = Debug;
		};
		777C61242CE6F4F30085EF2F /* Build configuration list for PBXNativeTarget "PsotifyTests" */ = {
			isa = XCConfigurationList;
			buildConfigurations = (
				777C61252CE6F4F30085EF2F /* Debug */,
				777C61262CE6F4F30085EF2F /* Release */,
			);
			defaultConfigurationIsVisible = 0;
			defaultConfigurationName = Debug;
		};
		777C61272CE6F4F30085EF2F /* Build configuration list for PBXNativeTarget "PsotifyUITests" */ = {
			isa = XCConfigurationList;
			buildConfigurations = (
				777C61282CE6F4F30085EF2F /* Debug */,
				777C61292CE6F4F30085EF2F /* Release */,
			);
			defaultConfigurationIsVisible = 0;
			defaultConfigurationName = Debug;
		};
/* End XCConfigurationList section */
	};
	rootObject = 777C60F52CE6F4ED0085EF2F /* Project object */;
}
